PODS:
  - Alamofire (3.4.0)
  - SwiftyVK (1.2)

DEPENDENCIES:
  - Alamofire (~> 3.4)
  - SwiftyVK (from `https://github.com/WE-St0r/SwiftyVK.git`)

EXTERNAL SOURCES:
  SwiftyVK:
    :git: https://github.com/WE-St0r/SwiftyVK.git

CHECKOUT OPTIONS:
  SwiftyVK:
    :commit: 37424c7bde47896fc0042ad6158fd7290b2c8f60
    :git: https://github.com/WE-St0r/SwiftyVK.git

SPEC CHECKSUMS:
  Alamofire: c19a627cefd6a95f840401c49ab1f124e07f54ee
  SwiftyVK: 7bb2ee6bb4d9504bf5fbc2756ad7cd30d7f980c5

PODFILE CHECKSUM: c0ded30e6a543020d0a63be70cf23c737913c094

COCOAPODS: 1.0.1
