// !$*UTF8*$!
{
	archiveVersion = 1;
	classes = {
	};
	objectVersion = 46;
	objects = {

/* Begin PBXBuildFile section */
		BB05DF871CFEC460001F65CB /* EditPlaylistMusicTableViewController.swift in Sources */ = {isa = PBXBuildFile; fileRef = BB05DF861CFEC460001F65CB /* EditPlaylistMusicTableViewController.swift */; };
		BB05DF8A1CFED22F001F65CB /* AddPlaylistMusicDelegate.swift in Sources */ = {isa = PBXBuildFile; fileRef = BB05DF891CFED22F001F65CB /* AddPlaylistMusicDelegate.swift */; };
		BB0C62E61CE3751A00C505B1 /* Album.swift in Sources */ = {isa = PBXBuildFile; fileRef = BB0C62E51CE3751A00C505B1 /* Album.swift */; };
		BB0C62E81CE37CF500C505B1 /* GetAlbums.swift in Sources */ = {isa = PBXBuildFile; fileRef = BB0C62E71CE37CF500C505B1 /* GetAlbums.swift */; };
		BB0C62EA1CE3D29C00C505B1 /* PlaylistsViewController.swift in Sources */ = {isa = PBXBuildFile; fileRef = BB0C62E91CE3D29C00C505B1 /* PlaylistsViewController.swift */; };
		BB0C62EE1CE3E93200C505B1 /* PlaylistCell.swift in Sources */ = {isa = PBXBuildFile; fileRef = BB0C62EC1CE3E93200C505B1 /* PlaylistCell.swift */; };
		BB0C62F11CE4AD4F00C505B1 /* AlbumMusicTableViewController.swift in Sources */ = {isa = PBXBuildFile; fileRef = BB0C62F01CE4AD4F00C505B1 /* AlbumMusicTableViewController.swift */; };
		BB0C62F31CE4B7CA00C505B1 /* GetAlbumAudio.swift in Sources */ = {isa = PBXBuildFile; fileRef = BB0C62F21CE4B7CA00C505B1 /* GetAlbumAudio.swift */; };
		BB1731971D0186FA00996A34 /* VKAPIManagerLyricsDelegate.swift in Sources */ = {isa = PBXBuildFile; fileRef = BB1731961D0186FA00996A34 /* VKAPIManagerLyricsDelegate.swift */; };
		BB1731A31D01C79600996A34 /* MusicBrainzAPIManager.swift in Sources */ = {isa = PBXBuildFile; fileRef = BB1731A21D01C79600996A34 /* MusicBrainzAPIManager.swift */; };
		BB1731A51D01C7FB00996A34 /* TrackObject.swift in Sources */ = {isa = PBXBuildFile; fileRef = BB1731A41D01C7FB00996A34 /* TrackObject.swift */; };
		BB3F40EF1CFF190B0018262C /* SegueIdentifiers.swift in Sources */ = {isa = PBXBuildFile; fileRef = BB3F40EE1CFF190B0018262C /* SegueIdentifiers.swift */; };
		BB3F40F11CFF4F900018262C /* AddPlaylistMusicViewController.swift in Sources */ = {isa = PBXBuildFile; fileRef = BB3F40F01CFF4F900018262C /* AddPlaylistMusicViewController.swift */; };
		BB3F40F31CFF6B5A0018262C /* Functions.swift in Sources */ = {isa = PBXBuildFile; fileRef = BB3F40F21CFF6B5A0018262C /* Functions.swift */; };
		BB405E831CF735C8000C1A2A /* CoreDataStack.swift in Sources */ = {isa = PBXBuildFile; fileRef = BB405E821CF735C8000C1A2A /* CoreDataStack.swift */; };
		BB405E861CF736E7000C1A2A /* VKPlaylist.xcdatamodeld in Sources */ = {isa = PBXBuildFile; fileRef = BB405E841CF736E7000C1A2A /* VKPlaylist.xcdatamodeld */; };
		BB405E9C1CF74332000C1A2A /* TrackInPlaylist+CoreDataProperties.swift in Sources */ = {isa = PBXBuildFile; fileRef = BB405E961CF74332000C1A2A /* TrackInPlaylist+CoreDataProperties.swift */; };
		BB405E9D1CF74332000C1A2A /* TrackInPlaylist.swift in Sources */ = {isa = PBXBuildFile; fileRef = BB405E971CF74332000C1A2A /* TrackInPlaylist.swift */; };
		BB405E9E1CF74332000C1A2A /* OfflineTrack+CoreDataProperties.swift in Sources */ = {isa = PBXBuildFile; fileRef = BB405E981CF74332000C1A2A /* OfflineTrack+CoreDataProperties.swift */; };
		BB405E9F1CF74332000C1A2A /* OfflineTrack.swift in Sources */ = {isa = PBXBuildFile; fileRef = BB405E991CF74332000C1A2A /* OfflineTrack.swift */; };
		BB405EA01CF74332000C1A2A /* Playlist+CoreDataProperties.swift in Sources */ = {isa = PBXBuildFile; fileRef = BB405E9A1CF74332000C1A2A /* Playlist+CoreDataProperties.swift */; };
		BB405EA11CF74332000C1A2A /* Playlist.swift in Sources */ = {isa = PBXBuildFile; fileRef = BB405E9B1CF74332000C1A2A /* Playlist.swift */; };
		BB405EA31CF74957000C1A2A /* DownloadsTableViewController.swift in Sources */ = {isa = PBXBuildFile; fileRef = BB405EA21CF74957000C1A2A /* DownloadsTableViewController.swift */; };
		BB405EA71CF7523B000C1A2A /* OfflineAudioCell.swift in Sources */ = {isa = PBXBuildFile; fileRef = BB405EA51CF7523B000C1A2A /* OfflineAudioCell.swift */; };
		BB405EA81CF7523B000C1A2A /* OfflineAudioCell.xib in Resources */ = {isa = PBXBuildFile; fileRef = BB405EA61CF7523B000C1A2A /* OfflineAudioCell.xib */; };
		BB405EAA1CF7555E000C1A2A /* EntitiesIdentifiers.swift in Sources */ = {isa = PBXBuildFile; fileRef = BB405EA91CF7555E000C1A2A /* EntitiesIdentifiers.swift */; };
		BB405EAE1CF76796000C1A2A /* DownloadManager.swift in Sources */ = {isa = PBXBuildFile; fileRef = BB405EAD1CF76796000C1A2A /* DownloadManager.swift */; };
		BB405EB01CF76817000C1A2A /* Download.swift in Sources */ = {isa = PBXBuildFile; fileRef = BB405EAF1CF76817000C1A2A /* Download.swift */; };
		BB405EB31CF8BC09000C1A2A /* DataManagerDownloadsDelegate.swift in Sources */ = {isa = PBXBuildFile; fileRef = BB405EB21CF8BC09000C1A2A /* DataManagerDownloadsDelegate.swift */; };
		BB405EB71CF8CD6D000C1A2A /* DownloadManagerDelegate.swift in Sources */ = {isa = PBXBuildFile; fileRef = BB405EB61CF8CD6D000C1A2A /* DownloadManagerDelegate.swift */; };
		BB405EBC1CFA3FEA000C1A2A /* ActiveDownloadCell.swift in Sources */ = {isa = PBXBuildFile; fileRef = BB405EBA1CFA3FEA000C1A2A /* ActiveDownloadCell.swift */; };
		BB405EBF1CFAEE78000C1A2A /* ActiveDownloadCellDelegate.swift in Sources */ = {isa = PBXBuildFile; fileRef = BB405EBE1CFAEE78000C1A2A /* ActiveDownloadCellDelegate.swift */; };
		BB405EC11CFAEEB5000C1A2A /* AudioCellDelegate.swift in Sources */ = {isa = PBXBuildFile; fileRef = BB405EC01CFAEEB5000C1A2A /* AudioCellDelegate.swift */; };
		BB405EC31CFBA4C1000C1A2A /* EditPlaylistViewController.swift in Sources */ = {isa = PBXBuildFile; fileRef = BB405EC21CFBA4C1000C1A2A /* EditPlaylistViewController.swift */; };
		BB405ECC1CFC2FA5000C1A2A /* AddToPlaylistCell.swift in Sources */ = {isa = PBXBuildFile; fileRef = BB405ECA1CFC2FA5000C1A2A /* AddToPlaylistCell.swift */; };
		BB405ED11CFC3560000C1A2A /* AddToPlaylistCellDelegate.swift in Sources */ = {isa = PBXBuildFile; fileRef = BB405ED01CFC3560000C1A2A /* AddToPlaylistCellDelegate.swift */; };
		BB405ED31CFC4B98000C1A2A /* DataManagerPlaylistsDelegate.swift in Sources */ = {isa = PBXBuildFile; fileRef = BB405ED21CFC4B98000C1A2A /* DataManagerPlaylistsDelegate.swift */; };
		BB405EF91CFC9697000C1A2A /* PlaylistMusicViewController.swift in Sources */ = {isa = PBXBuildFile; fileRef = BB405EF81CFC9697000C1A2A /* PlaylistMusicViewController.swift */; };
		BB405EFD1CFCBA7A000C1A2A /* AlbumCell.swift in Sources */ = {isa = PBXBuildFile; fileRef = BB405EFB1CFCBA7A000C1A2A /* AlbumCell.swift */; };
		BB6EF7341CDF642100466C3B /* NetworkErrorCell.xib in Resources */ = {isa = PBXBuildFile; fileRef = BB6EF7331CDF642100466C3B /* NetworkErrorCell.xib */; };
		BB6EF7361CDF64BC00466C3B /* NetworkErrorCell.swift in Sources */ = {isa = PBXBuildFile; fileRef = BB6EF7351CDF64BC00466C3B /* NetworkErrorCell.swift */; };
		BB6EF73A1CDF6AFA00466C3B /* NoAuthorizedCell.swift in Sources */ = {isa = PBXBuildFile; fileRef = BB6EF7381CDF6AFA00466C3B /* NoAuthorizedCell.swift */; };
		BB6EF73B1CDF6AFA00466C3B /* NoAuthorizedCell.xib in Resources */ = {isa = PBXBuildFile; fileRef = BB6EF7391CDF6AFA00466C3B /* NoAuthorizedCell.xib */; };
		BB75FCC41CDF873900B40BC8 /* MyMusicTableViewController.swift in Sources */ = {isa = PBXBuildFile; fileRef = BB75FCC31CDF873900B40BC8 /* MyMusicTableViewController.swift */; };
		BB93DD491CD80C6F00F1E205 /* PlayerManager.swift in Sources */ = {isa = PBXBuildFile; fileRef = BB93DD481CD80C6F00F1E205 /* PlayerManager.swift */; };
		BBA292451D00DBB800262922 /* DownloadsTableViewControllerDelegate.swift in Sources */ = {isa = PBXBuildFile; fileRef = BBA292441D00DBB800262922 /* DownloadsTableViewControllerDelegate.swift */; };
		BBAE30681D0350A900E740D4 /* MiniPlayerViewController.swift in Sources */ = {isa = PBXBuildFile; fileRef = BBAE30671D0350A900E740D4 /* MiniPlayerViewController.swift */; };
		BBAE306A1D0362DB00E740D4 /* MoreViewController.swift in Sources */ = {isa = PBXBuildFile; fileRef = BBAE30691D0362DB00E740D4 /* MoreViewController.swift */; };
		BBAE306C1D037B9000E740D4 /* MiniPlayerView.swift in Sources */ = {isa = PBXBuildFile; fileRef = BBAE306B1D037B9000E740D4 /* MiniPlayerView.swift */; };
		BBAE306E1D037C5500E740D4 /* PlayerViewController.swift in Sources */ = {isa = PBXBuildFile; fileRef = BBAE306D1D037C5500E740D4 /* PlayerViewController.swift */; };
		BBB69E201CFDB8090094B1CF /* SearchViewController.swift in Sources */ = {isa = PBXBuildFile; fileRef = BBB69E1F1CFDB8090094B1CF /* SearchViewController.swift */; };
		BBB69E221CFDB97A0094B1CF /* DownloadsViewController.swift in Sources */ = {isa = PBXBuildFile; fileRef = BBB69E211CFDB97A0094B1CF /* DownloadsViewController.swift */; };
		BBB69E241CFDBC6F0094B1CF /* MyMusicViewController.swift in Sources */ = {isa = PBXBuildFile; fileRef = BBB69E231CFDBC6F0094B1CF /* MyMusicViewController.swift */; };
		BBDEC0541CD66441005B8494 /* AppDelegate.swift in Sources */ = {isa = PBXBuildFile; fileRef = BBDEC0531CD66441005B8494 /* AppDelegate.swift */; };
		BBDEC0591CD66441005B8494 /* Main.storyboard in Resources */ = {isa = PBXBuildFile; fileRef = BBDEC0571CD66441005B8494 /* Main.storyboard */; };
		BBDEC05B1CD66441005B8494 /* Assets.xcassets in Resources */ = {isa = PBXBuildFile; fileRef = BBDEC05A1CD66441005B8494 /* Assets.xcassets */; };
		BBDEC05E1CD66441005B8494 /* LaunchScreen.storyboard in Resources */ = {isa = PBXBuildFile; fileRef = BBDEC05C1CD66441005B8494 /* LaunchScreen.storyboard */; };
		BBDEC0661CD66DB6005B8494 /* AudioCell.swift in Sources */ = {isa = PBXBuildFile; fileRef = BBDEC0651CD66DB6005B8494 /* AudioCell.swift */; };
		BBDEC06A1CD67A84005B8494 /* Track.swift in Sources */ = {isa = PBXBuildFile; fileRef = BBDEC0691CD67A84005B8494 /* Track.swift */; };
		BBDEC06E1CD6AFD5005B8494 /* VKAPIManager.swift in Sources */ = {isa = PBXBuildFile; fileRef = BBDEC06D1CD6AFD5005B8494 /* VKAPIManager.swift */; };
		BBDEC0701CD6BEB7005B8494 /* AuthorizationViewController.swift in Sources */ = {isa = PBXBuildFile; fileRef = BBDEC06F1CD6BEB7005B8494 /* AuthorizationViewController.swift */; };
		BBDEC0721CD6BF2D005B8494 /* ButtonWithRoundedBorder.swift in Sources */ = {isa = PBXBuildFile; fileRef = BBDEC0711CD6BF2D005B8494 /* ButtonWithRoundedBorder.swift */; };
		BBDEC0741CD6CE9B005B8494 /* SettingsTableViewController.swift in Sources */ = {isa = PBXBuildFile; fileRef = BBDEC0731CD6CE9B005B8494 /* SettingsTableViewController.swift */; };
		BBDEC07A1CD748B1005B8494 /* DataManager.swift in Sources */ = {isa = PBXBuildFile; fileRef = BBDEC0791CD748B1005B8494 /* DataManager.swift */; };
		BBDEC07C1CD7538B005B8494 /* LoadingCell.xib in Resources */ = {isa = PBXBuildFile; fileRef = BBDEC07B1CD7538B005B8494 /* LoadingCell.xib */; };
		BBDEC0811CD754FC005B8494 /* LoadingCell.swift in Sources */ = {isa = PBXBuildFile; fileRef = BBDEC0801CD754FC005B8494 /* LoadingCell.swift */; };
		BBDEC0831CD757E9005B8494 /* RequestManager.swift in Sources */ = {isa = PBXBuildFile; fileRef = BBDEC0821CD757E9005B8494 /* RequestManager.swift */; };
		BBDEC0891CD761CE005B8494 /* NothingFoundCell.xib in Resources */ = {isa = PBXBuildFile; fileRef = BBDEC0881CD761CE005B8494 /* NothingFoundCell.xib */; };
		BBDEC08B1CD76ACB005B8494 /* NothingFoundCell.swift in Sources */ = {isa = PBXBuildFile; fileRef = BBDEC08A1CD76ACB005B8494 /* NothingFoundCell.swift */; };
		BBDEC08D1CD78B5A005B8494 /* Reachability.swift in Sources */ = {isa = PBXBuildFile; fileRef = BBDEC08C1CD78B5A005B8494 /* Reachability.swift */; };
		BBE3D7DB1D0609BF0077B61A /* UIImage+GenerateImageWithColor.swift in Sources */ = {isa = PBXBuildFile; fileRef = BBE3D7DA1D0609BF0077B61A /* UIImage+GenerateImageWithColor.swift */; };
		BBE8534E1CDFB59600872C3B /* MusicFromInternetTableViewController.swift in Sources */ = {isa = PBXBuildFile; fileRef = BBE8534D1CDFB59600872C3B /* MusicFromInternetTableViewController.swift */; };
		BBE853501CDFB9DC00872C3B /* MusicFromInternetWithSearchTableViewController.swift in Sources */ = {isa = PBXBuildFile; fileRef = BBE8534F1CDFB9DC00872C3B /* MusicFromInternetWithSearchTableViewController.swift */; };
		BBE853531CDFCA7000872C3B /* AudioCell.xib in Resources */ = {isa = PBXBuildFile; fileRef = BBE853521CDFCA7000872C3B /* AudioCell.xib */; };
		BBE853551CDFCCF000872C3B /* MoreTableViewController.swift in Sources */ = {isa = PBXBuildFile; fileRef = BBE853541CDFCCF000872C3B /* MoreTableViewController.swift */; };
		BBE8535A1CDFE4DF00872C3B /* UIImageView+TintImageColor.swift in Sources */ = {isa = PBXBuildFile; fileRef = BBE853591CDFE4DF00872C3B /* UIImageView+TintImageColor.swift */; };
		BBE8535C1CDFE89000872C3B /* SearchTableViewController.swift in Sources */ = {isa = PBXBuildFile; fileRef = BBE8535B1CDFE89000872C3B /* SearchTableViewController.swift */; };
		BBE8537D1CE0DAFB00872C3B /* DataManagerObject.swift in Sources */ = {isa = PBXBuildFile; fileRef = BBE8537C1CE0DAFB00872C3B /* DataManagerObject.swift */; };
		BBE853811CE0DBE300872C3B /* RequestManagerObject.swift in Sources */ = {isa = PBXBuildFile; fileRef = BBE853801CE0DBE300872C3B /* RequestManagerObject.swift */; };
		BBE853831CE0DDF200872C3B /* GetAudio.swift in Sources */ = {isa = PBXBuildFile; fileRef = BBE853821CE0DDF200872C3B /* GetAudio.swift */; };
		BBE853851CE0DE2F00872C3B /* SearchAudio.swift in Sources */ = {isa = PBXBuildFile; fileRef = BBE853841CE0DE2F00872C3B /* SearchAudio.swift */; };
		BBE853881CE0E69700872C3B /* Friend.swift in Sources */ = {isa = PBXBuildFile; fileRef = BBE853871CE0E69700872C3B /* Friend.swift */; };
		BBE8538A1CE0EAE400872C3B /* GetFriends.swift in Sources */ = {isa = PBXBuildFile; fileRef = BBE853891CE0EAE400872C3B /* GetFriends.swift */; };
		BBE8538C1CE0EE5A00872C3B /* FriendsTableViewController.swift in Sources */ = {isa = PBXBuildFile; fileRef = BBE8538B1CE0EE5A00872C3B /* FriendsTableViewController.swift */; };
		BBE8538F1CE0F0B300872C3B /* FriendCell.swift in Sources */ = {isa = PBXBuildFile; fileRef = BBE8538E1CE0F0B300872C3B /* FriendCell.swift */; };
		BBE853911CE0F54100872C3B /* TableViewCellIdentifiers.swift in Sources */ = {isa = PBXBuildFile; fileRef = BBE853901CE0F54100872C3B /* TableViewCellIdentifiers.swift */; };
		BBE853951CE1096200872C3B /* UIImage+Resize.swift in Sources */ = {isa = PBXBuildFile; fileRef = BBE853941CE1096200872C3B /* UIImage+Resize.swift */; };
		BBE853971CE135BD00872C3B /* GetOwnerAudio.swift in Sources */ = {isa = PBXBuildFile; fileRef = BBE853961CE135BD00872C3B /* GetOwnerAudio.swift */; };
		BBE853991CE138CF00872C3B /* OwnerMusicTableViewController.swift in Sources */ = {isa = PBXBuildFile; fileRef = BBE853981CE138CF00872C3B /* OwnerMusicTableViewController.swift */; };
		BBE8539D1CE13E1B00872C3B /* AccessErrorCell.swift in Sources */ = {isa = PBXBuildFile; fileRef = BBE8539B1CE13E1B00872C3B /* AccessErrorCell.swift */; };
		BBE8539E1CE13E1B00872C3B /* AccessErrorCell.xib in Resources */ = {isa = PBXBuildFile; fileRef = BBE8539C1CE13E1B00872C3B /* AccessErrorCell.xib */; };
		BBE853A11CE1481B00872C3B /* Group.swift in Sources */ = {isa = PBXBuildFile; fileRef = BBE853A01CE1481B00872C3B /* Group.swift */; };
		BBE853A31CE14B1E00872C3B /* GetGroups.swift in Sources */ = {isa = PBXBuildFile; fileRef = BBE853A21CE14B1E00872C3B /* GetGroups.swift */; };
		BBE853A61CE14CCF00872C3B /* GroupCell.swift in Sources */ = {isa = PBXBuildFile; fileRef = BBE853A51CE14CCF00872C3B /* GroupCell.swift */; };
		BBE853A81CE14E3300872C3B /* GroupsTableViewController.swift in Sources */ = {isa = PBXBuildFile; fileRef = BBE853A71CE14E3300872C3B /* GroupsTableViewController.swift */; };
		BBE853AC1CE1D79B00872C3B /* NumberOfRowsCell.swift in Sources */ = {isa = PBXBuildFile; fileRef = BBE853AA1CE1D79B00872C3B /* NumberOfRowsCell.swift */; };
		BBE853AD1CE1D79B00872C3B /* NumberOfRowsCell.xib in Resources */ = {isa = PBXBuildFile; fileRef = BBE853AB1CE1D79B00872C3B /* NumberOfRowsCell.xib */; };
		BBE853AF1CE2869600872C3B /* RecommendationsMusicTableViewController.swift in Sources */ = {isa = PBXBuildFile; fileRef = BBE853AE1CE2869600872C3B /* RecommendationsMusicTableViewController.swift */; };
		BBE853B11CE2899B00872C3B /* GetRecommendationsAudio.swift in Sources */ = {isa = PBXBuildFile; fileRef = BBE853B01CE2899B00872C3B /* GetRecommendationsAudio.swift */; };
		BBE853B31CE2936700872C3B /* GetPopularAudio.swift in Sources */ = {isa = PBXBuildFile; fileRef = BBE853B21CE2936700872C3B /* GetPopularAudio.swift */; };
		BBE853B51CE293F800872C3B /* PopularMusicTableViewController.swift in Sources */ = {isa = PBXBuildFile; fileRef = BBE853B41CE293F800872C3B /* PopularMusicTableViewController.swift */; };
		BBE853B81CE2990300872C3B /* VKAPIManagerNotifications.swift in Sources */ = {isa = PBXBuildFile; fileRef = BBE853B71CE2990300872C3B /* VKAPIManagerNotifications.swift */; };
		BBEF4EE21CFD62F3003642D0 /* PlaylistMusicTableViewController.swift in Sources */ = {isa = PBXBuildFile; fileRef = BBEF4EE11CFD62F3003642D0 /* PlaylistMusicTableViewController.swift */; };
		BBEF4EE41CFD6D3D003642D0 /* UITableView+HideSearchBar.swift in Sources */ = {isa = PBXBuildFile; fileRef = BBEF4EE31CFD6D3D003642D0 /* UITableView+HideSearchBar.swift */; };
		BBEF4EE61CFD7C15003642D0 /* AlbumMusicViewController.swift in Sources */ = {isa = PBXBuildFile; fileRef = BBEF4EE51CFD7C15003642D0 /* AlbumMusicViewController.swift */; };
		BBEF4EE81CFD876D003642D0 /* PopularMusicViewController.swift in Sources */ = {isa = PBXBuildFile; fileRef = BBEF4EE71CFD876D003642D0 /* PopularMusicViewController.swift */; };
		BBEF4EEA1CFD8B76003642D0 /* RecommendationsMusicViewController.swift in Sources */ = {isa = PBXBuildFile; fileRef = BBEF4EE91CFD8B76003642D0 /* RecommendationsMusicViewController.swift */; };
		BBEF4EEC1CFD90AE003642D0 /* GroupsViewController.swift in Sources */ = {isa = PBXBuildFile; fileRef = BBEF4EEB1CFD90AE003642D0 /* GroupsViewController.swift */; };
		BBEF4EEE1CFDA4F7003642D0 /* FriendsViewController.swift in Sources */ = {isa = PBXBuildFile; fileRef = BBEF4EED1CFDA4F7003642D0 /* FriendsViewController.swift */; };
		BBEF4EF01CFDA820003642D0 /* OwnerMusicViewController.swift in Sources */ = {isa = PBXBuildFile; fileRef = BBEF4EEF1CFDA820003642D0 /* OwnerMusicViewController.swift */; };
		BBEF4EF21CFDAD0B003642D0 /* AddPlaylistMusicTableViewController.swift in Sources */ = {isa = PBXBuildFile; fileRef = BBEF4EF11CFDAD0B003642D0 /* AddPlaylistMusicTableViewController.swift */; };
		E4022466192309F1AF3847F1 /* Pods_VkPlaylist.framework in Frameworks */ = {isa = PBXBuildFile; fileRef = 0695256AAC292A98255D5756 /* Pods_VkPlaylist.framework */; };
/* End PBXBuildFile section */

/* Begin PBXFileReference section */
		019E2C5D10C487A8DF0DE007 /* Pods-VkPlaylist.release.xcconfig */ = {isa = PBXFileReference; includeInIndex = 1; lastKnownFileType = text.xcconfig; name = "Pods-VkPlaylist.release.xcconfig"; path = "Pods/Target Support Files/Pods-VkPlaylist/Pods-VkPlaylist.release.xcconfig"; sourceTree = "<group>"; };
		0695256AAC292A98255D5756 /* Pods_VkPlaylist.framework */ = {isa = PBXFileReference; explicitFileType = wrapper.framework; includeInIndex = 0; path = Pods_VkPlaylist.framework; sourceTree = BUILT_PRODUCTS_DIR; };
		BB05DF861CFEC460001F65CB /* EditPlaylistMusicTableViewController.swift */ = {isa = PBXFileReference; fileEncoding = 4; lastKnownFileType = sourcecode.swift; path = EditPlaylistMusicTableViewController.swift; sourceTree = "<group>"; };
		BB05DF891CFED22F001F65CB /* AddPlaylistMusicDelegate.swift */ = {isa = PBXFileReference; fileEncoding = 4; lastKnownFileType = sourcecode.swift; path = AddPlaylistMusicDelegate.swift; sourceTree = "<group>"; };
		BB0C62E51CE3751A00C505B1 /* Album.swift */ = {isa = PBXFileReference; fileEncoding = 4; lastKnownFileType = sourcecode.swift; path = Album.swift; sourceTree = "<group>"; };
		BB0C62E71CE37CF500C505B1 /* GetAlbums.swift */ = {isa = PBXFileReference; fileEncoding = 4; lastKnownFileType = sourcecode.swift; path = GetAlbums.swift; sourceTree = "<group>"; };
		BB0C62E91CE3D29C00C505B1 /* PlaylistsViewController.swift */ = {isa = PBXFileReference; fileEncoding = 4; lastKnownFileType = sourcecode.swift; path = PlaylistsViewController.swift; sourceTree = "<group>"; };
		BB0C62EC1CE3E93200C505B1 /* PlaylistCell.swift */ = {isa = PBXFileReference; fileEncoding = 4; lastKnownFileType = sourcecode.swift; path = PlaylistCell.swift; sourceTree = "<group>"; };
		BB0C62F01CE4AD4F00C505B1 /* AlbumMusicTableViewController.swift */ = {isa = PBXFileReference; fileEncoding = 4; lastKnownFileType = sourcecode.swift; path = AlbumMusicTableViewController.swift; sourceTree = "<group>"; };
		BB0C62F21CE4B7CA00C505B1 /* GetAlbumAudio.swift */ = {isa = PBXFileReference; fileEncoding = 4; lastKnownFileType = sourcecode.swift; path = GetAlbumAudio.swift; sourceTree = "<group>"; };
		BB0C62F41CE4B81600C505B1 /* Notepad.playground */ = {isa = PBXFileReference; lastKnownFileType = file.playground; path = Notepad.playground; sourceTree = "<group>"; };
		BB1731961D0186FA00996A34 /* VKAPIManagerLyricsDelegate.swift */ = {isa = PBXFileReference; fileEncoding = 4; lastKnownFileType = sourcecode.swift; path = VKAPIManagerLyricsDelegate.swift; sourceTree = "<group>"; };
		BB1731981D01A54800996A34 /* Alamofire.framework */ = {isa = PBXFileReference; lastKnownFileType = wrapper.framework; name = Alamofire.framework; path = "../../../../Developer/Xcode/DerivedData/VkPlaylist-aqlrfyaybkvnqjfljrimedqthndw/Build/Products/Debug-iphonesimulator/Alamofire/Alamofire.framework"; sourceTree = "<group>"; };
		BB17319A1D01A55700996A34 /* Pods_VkPlaylist.framework */ = {isa = PBXFileReference; lastKnownFileType = wrapper.framework; name = Pods_VkPlaylist.framework; path = "../../../../Developer/Xcode/DerivedData/VkPlaylist-aqlrfyaybkvnqjfljrimedqthndw/Build/Products/Debug-iphonesimulator/Pods_VkPlaylist.framework"; sourceTree = "<group>"; };
		BB17319C1D01A55C00996A34 /* SwiftyVK.framework */ = {isa = PBXFileReference; lastKnownFileType = wrapper.framework; name = SwiftyVK.framework; path = "../../../../Developer/Xcode/DerivedData/VkPlaylist-aqlrfyaybkvnqjfljrimedqthndw/Build/Products/Debug-iphonesimulator/SwiftyVK/SwiftyVK.framework"; sourceTree = "<group>"; };
		BB17319E1D01A70000996A34 /* AlamofireImage.framework */ = {isa = PBXFileReference; lastKnownFileType = wrapper.framework; name = AlamofireImage.framework; path = "../../../../Developer/Xcode/DerivedData/VkPlaylist-aqlrfyaybkvnqjfljrimedqthndw/Build/Products/Debug-iphonesimulator/AlamofireImage/AlamofireImage.framework"; sourceTree = "<group>"; };
		BB1731A01D01A85100996A34 /* SwiftyJSON.framework */ = {isa = PBXFileReference; lastKnownFileType = wrapper.framework; name = SwiftyJSON.framework; path = "../../../../Developer/Xcode/DerivedData/VkPlaylist-aqlrfyaybkvnqjfljrimedqthndw/Build/Products/Debug-iphonesimulator/SwiftyJSON/SwiftyJSON.framework"; sourceTree = "<group>"; };
		BB1731A21D01C79600996A34 /* MusicBrainzAPIManager.swift */ = {isa = PBXFileReference; fileEncoding = 4; lastKnownFileType = sourcecode.swift; path = MusicBrainzAPIManager.swift; sourceTree = "<group>"; };
		BB1731A41D01C7FB00996A34 /* TrackObject.swift */ = {isa = PBXFileReference; fileEncoding = 4; lastKnownFileType = sourcecode.swift; path = TrackObject.swift; sourceTree = "<group>"; };
		BB1731A71D01E8EF00996A34 /* SWXMLHash.framework */ = {isa = PBXFileReference; lastKnownFileType = wrapper.framework; name = SWXMLHash.framework; path = "Pods/../build/Debug-iphoneos/SWXMLHash/SWXMLHash.framework"; sourceTree = "<group>"; };
		BB3F40EE1CFF190B0018262C /* SegueIdentifiers.swift */ = {isa = PBXFileReference; fileEncoding = 4; lastKnownFileType = sourcecode.swift; path = SegueIdentifiers.swift; sourceTree = "<group>"; };
		BB3F40F01CFF4F900018262C /* AddPlaylistMusicViewController.swift */ = {isa = PBXFileReference; fileEncoding = 4; lastKnownFileType = sourcecode.swift; path = AddPlaylistMusicViewController.swift; sourceTree = "<group>"; };
		BB3F40F21CFF6B5A0018262C /* Functions.swift */ = {isa = PBXFileReference; fileEncoding = 4; lastKnownFileType = sourcecode.swift; path = Functions.swift; sourceTree = "<group>"; };
		BB405E821CF735C8000C1A2A /* CoreDataStack.swift */ = {isa = PBXFileReference; fileEncoding = 4; lastKnownFileType = sourcecode.swift; path = CoreDataStack.swift; sourceTree = "<group>"; };
		BB405E851CF736E7000C1A2A /* VKPlaylist.xcdatamodel */ = {isa = PBXFileReference; lastKnownFileType = wrapper.xcdatamodel; path = VKPlaylist.xcdatamodel; sourceTree = "<group>"; };
		BB405E961CF74332000C1A2A /* TrackInPlaylist+CoreDataProperties.swift */ = {isa = PBXFileReference; fileEncoding = 4; lastKnownFileType = sourcecode.swift; path = "TrackInPlaylist+CoreDataProperties.swift"; sourceTree = "<group>"; };
		BB405E971CF74332000C1A2A /* TrackInPlaylist.swift */ = {isa = PBXFileReference; fileEncoding = 4; lastKnownFileType = sourcecode.swift; path = TrackInPlaylist.swift; sourceTree = "<group>"; };
		BB405E981CF74332000C1A2A /* OfflineTrack+CoreDataProperties.swift */ = {isa = PBXFileReference; fileEncoding = 4; lastKnownFileType = sourcecode.swift; path = "OfflineTrack+CoreDataProperties.swift"; sourceTree = "<group>"; };
		BB405E991CF74332000C1A2A /* OfflineTrack.swift */ = {isa = PBXFileReference; fileEncoding = 4; lastKnownFileType = sourcecode.swift; path = OfflineTrack.swift; sourceTree = "<group>"; };
		BB405E9A1CF74332000C1A2A /* Playlist+CoreDataProperties.swift */ = {isa = PBXFileReference; fileEncoding = 4; lastKnownFileType = sourcecode.swift; path = "Playlist+CoreDataProperties.swift"; sourceTree = "<group>"; };
		BB405E9B1CF74332000C1A2A /* Playlist.swift */ = {isa = PBXFileReference; fileEncoding = 4; lastKnownFileType = sourcecode.swift; path = Playlist.swift; sourceTree = "<group>"; };
		BB405EA21CF74957000C1A2A /* DownloadsTableViewController.swift */ = {isa = PBXFileReference; fileEncoding = 4; lastKnownFileType = sourcecode.swift; path = DownloadsTableViewController.swift; sourceTree = "<group>"; };
		BB405EA51CF7523B000C1A2A /* OfflineAudioCell.swift */ = {isa = PBXFileReference; fileEncoding = 4; lastKnownFileType = sourcecode.swift; path = OfflineAudioCell.swift; sourceTree = "<group>"; };
		BB405EA61CF7523B000C1A2A /* OfflineAudioCell.xib */ = {isa = PBXFileReference; fileEncoding = 4; lastKnownFileType = file.xib; path = OfflineAudioCell.xib; sourceTree = "<group>"; };
		BB405EA91CF7555E000C1A2A /* EntitiesIdentifiers.swift */ = {isa = PBXFileReference; fileEncoding = 4; lastKnownFileType = sourcecode.swift; path = EntitiesIdentifiers.swift; sourceTree = "<group>"; };
		BB405EAD1CF76796000C1A2A /* DownloadManager.swift */ = {isa = PBXFileReference; fileEncoding = 4; lastKnownFileType = sourcecode.swift; path = DownloadManager.swift; sourceTree = "<group>"; };
		BB405EAF1CF76817000C1A2A /* Download.swift */ = {isa = PBXFileReference; fileEncoding = 4; lastKnownFileType = sourcecode.swift; path = Download.swift; sourceTree = "<group>"; };
		BB405EB21CF8BC09000C1A2A /* DataManagerDownloadsDelegate.swift */ = {isa = PBXFileReference; fileEncoding = 4; lastKnownFileType = sourcecode.swift; path = DataManagerDownloadsDelegate.swift; sourceTree = "<group>"; };
		BB405EB61CF8CD6D000C1A2A /* DownloadManagerDelegate.swift */ = {isa = PBXFileReference; fileEncoding = 4; lastKnownFileType = sourcecode.swift; path = DownloadManagerDelegate.swift; sourceTree = "<group>"; };
		BB405EBA1CFA3FEA000C1A2A /* ActiveDownloadCell.swift */ = {isa = PBXFileReference; fileEncoding = 4; lastKnownFileType = sourcecode.swift; path = ActiveDownloadCell.swift; sourceTree = "<group>"; };
		BB405EBE1CFAEE78000C1A2A /* ActiveDownloadCellDelegate.swift */ = {isa = PBXFileReference; fileEncoding = 4; lastKnownFileType = sourcecode.swift; path = ActiveDownloadCellDelegate.swift; sourceTree = "<group>"; };
		BB405EC01CFAEEB5000C1A2A /* AudioCellDelegate.swift */ = {isa = PBXFileReference; fileEncoding = 4; lastKnownFileType = sourcecode.swift; path = AudioCellDelegate.swift; sourceTree = "<group>"; };
		BB405EC21CFBA4C1000C1A2A /* EditPlaylistViewController.swift */ = {isa = PBXFileReference; fileEncoding = 4; lastKnownFileType = sourcecode.swift; path = EditPlaylistViewController.swift; sourceTree = "<group>"; };
		BB405ECA1CFC2FA5000C1A2A /* AddToPlaylistCell.swift */ = {isa = PBXFileReference; fileEncoding = 4; lastKnownFileType = sourcecode.swift; path = AddToPlaylistCell.swift; sourceTree = "<group>"; };
		BB405ED01CFC3560000C1A2A /* AddToPlaylistCellDelegate.swift */ = {isa = PBXFileReference; fileEncoding = 4; lastKnownFileType = sourcecode.swift; path = AddToPlaylistCellDelegate.swift; sourceTree = "<group>"; };
		BB405ED21CFC4B98000C1A2A /* DataManagerPlaylistsDelegate.swift */ = {isa = PBXFileReference; fileEncoding = 4; lastKnownFileType = sourcecode.swift; path = DataManagerPlaylistsDelegate.swift; sourceTree = "<group>"; };
		BB405EF81CFC9697000C1A2A /* PlaylistMusicViewController.swift */ = {isa = PBXFileReference; fileEncoding = 4; lastKnownFileType = sourcecode.swift; path = PlaylistMusicViewController.swift; sourceTree = "<group>"; };
		BB405EFB1CFCBA7A000C1A2A /* AlbumCell.swift */ = {isa = PBXFileReference; fileEncoding = 4; lastKnownFileType = sourcecode.swift; path = AlbumCell.swift; sourceTree = "<group>"; };
		BB6EF7331CDF642100466C3B /* NetworkErrorCell.xib */ = {isa = PBXFileReference; fileEncoding = 4; lastKnownFileType = file.xib; path = NetworkErrorCell.xib; sourceTree = "<group>"; };
		BB6EF7351CDF64BC00466C3B /* NetworkErrorCell.swift */ = {isa = PBXFileReference; fileEncoding = 4; lastKnownFileType = sourcecode.swift; path = NetworkErrorCell.swift; sourceTree = "<group>"; };
		BB6EF7381CDF6AFA00466C3B /* NoAuthorizedCell.swift */ = {isa = PBXFileReference; fileEncoding = 4; lastKnownFileType = sourcecode.swift; path = NoAuthorizedCell.swift; sourceTree = "<group>"; };
		BB6EF7391CDF6AFA00466C3B /* NoAuthorizedCell.xib */ = {isa = PBXFileReference; fileEncoding = 4; lastKnownFileType = file.xib; path = NoAuthorizedCell.xib; sourceTree = "<group>"; };
		BB75FCC31CDF873900B40BC8 /* MyMusicTableViewController.swift */ = {isa = PBXFileReference; fileEncoding = 4; lastKnownFileType = sourcecode.swift; path = MyMusicTableViewController.swift; sourceTree = "<group>"; };
		BB93DD481CD80C6F00F1E205 /* PlayerManager.swift */ = {isa = PBXFileReference; fileEncoding = 4; lastKnownFileType = sourcecode.swift; path = PlayerManager.swift; sourceTree = "<group>"; };
		BBA292441D00DBB800262922 /* DownloadsTableViewControllerDelegate.swift */ = {isa = PBXFileReference; fileEncoding = 4; lastKnownFileType = sourcecode.swift; path = DownloadsTableViewControllerDelegate.swift; sourceTree = "<group>"; };
		BBAE30671D0350A900E740D4 /* MiniPlayerViewController.swift */ = {isa = PBXFileReference; fileEncoding = 4; lastKnownFileType = sourcecode.swift; path = MiniPlayerViewController.swift; sourceTree = "<group>"; };
		BBAE30691D0362DB00E740D4 /* MoreViewController.swift */ = {isa = PBXFileReference; fileEncoding = 4; lastKnownFileType = sourcecode.swift; path = MoreViewController.swift; sourceTree = "<group>"; };
		BBAE306B1D037B9000E740D4 /* MiniPlayerView.swift */ = {isa = PBXFileReference; fileEncoding = 4; lastKnownFileType = sourcecode.swift; path = MiniPlayerView.swift; sourceTree = "<group>"; };
		BBAE306D1D037C5500E740D4 /* PlayerViewController.swift */ = {isa = PBXFileReference; fileEncoding = 4; lastKnownFileType = sourcecode.swift; path = PlayerViewController.swift; sourceTree = "<group>"; };
		BBB69E1F1CFDB8090094B1CF /* SearchViewController.swift */ = {isa = PBXFileReference; fileEncoding = 4; lastKnownFileType = sourcecode.swift; path = SearchViewController.swift; sourceTree = "<group>"; };
		BBB69E211CFDB97A0094B1CF /* DownloadsViewController.swift */ = {isa = PBXFileReference; fileEncoding = 4; lastKnownFileType = sourcecode.swift; path = DownloadsViewController.swift; sourceTree = "<group>"; };
		BBB69E231CFDBC6F0094B1CF /* MyMusicViewController.swift */ = {isa = PBXFileReference; fileEncoding = 4; lastKnownFileType = sourcecode.swift; path = MyMusicViewController.swift; sourceTree = "<group>"; };
		BBDEC0501CD66441005B8494 /* VkPlaylist.app */ = {isa = PBXFileReference; explicitFileType = wrapper.application; includeInIndex = 0; path = VkPlaylist.app; sourceTree = BUILT_PRODUCTS_DIR; };
		BBDEC0531CD66441005B8494 /* AppDelegate.swift */ = {isa = PBXFileReference; lastKnownFileType = sourcecode.swift; path = AppDelegate.swift; sourceTree = "<group>"; };
		BBDEC0581CD66441005B8494 /* Base */ = {isa = PBXFileReference; lastKnownFileType = file.storyboard; name = Base; path = Base.lproj/Main.storyboard; sourceTree = "<group>"; };
		BBDEC05A1CD66441005B8494 /* Assets.xcassets */ = {isa = PBXFileReference; lastKnownFileType = folder.assetcatalog; path = Assets.xcassets; sourceTree = "<group>"; };
		BBDEC05D1CD66441005B8494 /* Base */ = {isa = PBXFileReference; lastKnownFileType = file.storyboard; name = Base; path = Base.lproj/LaunchScreen.storyboard; sourceTree = "<group>"; };
		BBDEC05F1CD66441005B8494 /* Info.plist */ = {isa = PBXFileReference; lastKnownFileType = text.plist.xml; path = Info.plist; sourceTree = "<group>"; };
		BBDEC0651CD66DB6005B8494 /* AudioCell.swift */ = {isa = PBXFileReference; fileEncoding = 4; lastKnownFileType = sourcecode.swift; path = AudioCell.swift; sourceTree = "<group>"; };
		BBDEC0691CD67A84005B8494 /* Track.swift */ = {isa = PBXFileReference; fileEncoding = 4; lastKnownFileType = sourcecode.swift; path = Track.swift; sourceTree = "<group>"; };
		BBDEC06D1CD6AFD5005B8494 /* VKAPIManager.swift */ = {isa = PBXFileReference; fileEncoding = 4; lastKnownFileType = sourcecode.swift; path = VKAPIManager.swift; sourceTree = "<group>"; };
		BBDEC06F1CD6BEB7005B8494 /* AuthorizationViewController.swift */ = {isa = PBXFileReference; fileEncoding = 4; lastKnownFileType = sourcecode.swift; path = AuthorizationViewController.swift; sourceTree = "<group>"; };
		BBDEC0711CD6BF2D005B8494 /* ButtonWithRoundedBorder.swift */ = {isa = PBXFileReference; fileEncoding = 4; lastKnownFileType = sourcecode.swift; path = ButtonWithRoundedBorder.swift; sourceTree = "<group>"; };
		BBDEC0731CD6CE9B005B8494 /* SettingsTableViewController.swift */ = {isa = PBXFileReference; fileEncoding = 4; lastKnownFileType = sourcecode.swift; path = SettingsTableViewController.swift; sourceTree = "<group>"; };
		BBDEC0791CD748B1005B8494 /* DataManager.swift */ = {isa = PBXFileReference; fileEncoding = 4; lastKnownFileType = sourcecode.swift; path = DataManager.swift; sourceTree = "<group>"; };
		BBDEC07B1CD7538B005B8494 /* LoadingCell.xib */ = {isa = PBXFileReference; fileEncoding = 4; lastKnownFileType = file.xib; path = LoadingCell.xib; sourceTree = "<group>"; };
		BBDEC0801CD754FC005B8494 /* LoadingCell.swift */ = {isa = PBXFileReference; fileEncoding = 4; lastKnownFileType = sourcecode.swift; path = LoadingCell.swift; sourceTree = "<group>"; };
		BBDEC0821CD757E9005B8494 /* RequestManager.swift */ = {isa = PBXFileReference; fileEncoding = 4; lastKnownFileType = sourcecode.swift; path = RequestManager.swift; sourceTree = "<group>"; };
		BBDEC0881CD761CE005B8494 /* NothingFoundCell.xib */ = {isa = PBXFileReference; fileEncoding = 4; lastKnownFileType = file.xib; path = NothingFoundCell.xib; sourceTree = "<group>"; };
		BBDEC08A1CD76ACB005B8494 /* NothingFoundCell.swift */ = {isa = PBXFileReference; fileEncoding = 4; lastKnownFileType = sourcecode.swift; path = NothingFoundCell.swift; sourceTree = "<group>"; };
		BBDEC08C1CD78B5A005B8494 /* Reachability.swift */ = {isa = PBXFileReference; fileEncoding = 4; lastKnownFileType = sourcecode.swift; path = Reachability.swift; sourceTree = "<group>"; };
		BBE3D7DA1D0609BF0077B61A /* UIImage+GenerateImageWithColor.swift */ = {isa = PBXFileReference; fileEncoding = 4; lastKnownFileType = sourcecode.swift; path = "UIImage+GenerateImageWithColor.swift"; sourceTree = "<group>"; };
		BBE8534D1CDFB59600872C3B /* MusicFromInternetTableViewController.swift */ = {isa = PBXFileReference; fileEncoding = 4; lastKnownFileType = sourcecode.swift; path = MusicFromInternetTableViewController.swift; sourceTree = "<group>"; };
		BBE8534F1CDFB9DC00872C3B /* MusicFromInternetWithSearchTableViewController.swift */ = {isa = PBXFileReference; fileEncoding = 4; lastKnownFileType = sourcecode.swift; path = MusicFromInternetWithSearchTableViewController.swift; sourceTree = "<group>"; };
		BBE853521CDFCA7000872C3B /* AudioCell.xib */ = {isa = PBXFileReference; fileEncoding = 4; lastKnownFileType = file.xib; path = AudioCell.xib; sourceTree = "<group>"; };
		BBE853541CDFCCF000872C3B /* MoreTableViewController.swift */ = {isa = PBXFileReference; fileEncoding = 4; lastKnownFileType = sourcecode.swift; path = MoreTableViewController.swift; sourceTree = "<group>"; };
		BBE853591CDFE4DF00872C3B /* UIImageView+TintImageColor.swift */ = {isa = PBXFileReference; fileEncoding = 4; lastKnownFileType = sourcecode.swift; path = "UIImageView+TintImageColor.swift"; sourceTree = "<group>"; };
		BBE8535B1CDFE89000872C3B /* SearchTableViewController.swift */ = {isa = PBXFileReference; fileEncoding = 4; lastKnownFileType = sourcecode.swift; path = SearchTableViewController.swift; sourceTree = "<group>"; };
		BBE8537C1CE0DAFB00872C3B /* DataManagerObject.swift */ = {isa = PBXFileReference; fileEncoding = 4; lastKnownFileType = sourcecode.swift; path = DataManagerObject.swift; sourceTree = "<group>"; };
		BBE853801CE0DBE300872C3B /* RequestManagerObject.swift */ = {isa = PBXFileReference; fileEncoding = 4; lastKnownFileType = sourcecode.swift; path = RequestManagerObject.swift; sourceTree = "<group>"; };
		BBE853821CE0DDF200872C3B /* GetAudio.swift */ = {isa = PBXFileReference; fileEncoding = 4; lastKnownFileType = sourcecode.swift; path = GetAudio.swift; sourceTree = "<group>"; };
		BBE853841CE0DE2F00872C3B /* SearchAudio.swift */ = {isa = PBXFileReference; fileEncoding = 4; lastKnownFileType = sourcecode.swift; path = SearchAudio.swift; sourceTree = "<group>"; };
		BBE853871CE0E69700872C3B /* Friend.swift */ = {isa = PBXFileReference; fileEncoding = 4; lastKnownFileType = sourcecode.swift; path = Friend.swift; sourceTree = "<group>"; };
		BBE853891CE0EAE400872C3B /* GetFriends.swift */ = {isa = PBXFileReference; fileEncoding = 4; lastKnownFileType = sourcecode.swift; path = GetFriends.swift; sourceTree = "<group>"; };
		BBE8538B1CE0EE5A00872C3B /* FriendsTableViewController.swift */ = {isa = PBXFileReference; fileEncoding = 4; lastKnownFileType = sourcecode.swift; path = FriendsTableViewController.swift; sourceTree = "<group>"; };
		BBE8538E1CE0F0B300872C3B /* FriendCell.swift */ = {isa = PBXFileReference; fileEncoding = 4; lastKnownFileType = sourcecode.swift; path = FriendCell.swift; sourceTree = "<group>"; };
		BBE853901CE0F54100872C3B /* TableViewCellIdentifiers.swift */ = {isa = PBXFileReference; fileEncoding = 4; lastKnownFileType = sourcecode.swift; path = TableViewCellIdentifiers.swift; sourceTree = "<group>"; };
		BBE853941CE1096200872C3B /* UIImage+Resize.swift */ = {isa = PBXFileReference; fileEncoding = 4; lastKnownFileType = sourcecode.swift; path = "UIImage+Resize.swift"; sourceTree = "<group>"; };
		BBE853961CE135BD00872C3B /* GetOwnerAudio.swift */ = {isa = PBXFileReference; fileEncoding = 4; lastKnownFileType = sourcecode.swift; path = GetOwnerAudio.swift; sourceTree = "<group>"; };
		BBE853981CE138CF00872C3B /* OwnerMusicTableViewController.swift */ = {isa = PBXFileReference; fileEncoding = 4; lastKnownFileType = sourcecode.swift; path = OwnerMusicTableViewController.swift; sourceTree = "<group>"; };
		BBE8539B1CE13E1B00872C3B /* AccessErrorCell.swift */ = {isa = PBXFileReference; fileEncoding = 4; lastKnownFileType = sourcecode.swift; path = AccessErrorCell.swift; sourceTree = "<group>"; };
		BBE8539C1CE13E1B00872C3B /* AccessErrorCell.xib */ = {isa = PBXFileReference; fileEncoding = 4; lastKnownFileType = file.xib; path = AccessErrorCell.xib; sourceTree = "<group>"; };
		BBE853A01CE1481B00872C3B /* Group.swift */ = {isa = PBXFileReference; fileEncoding = 4; lastKnownFileType = sourcecode.swift; path = Group.swift; sourceTree = "<group>"; };
		BBE853A21CE14B1E00872C3B /* GetGroups.swift */ = {isa = PBXFileReference; fileEncoding = 4; lastKnownFileType = sourcecode.swift; path = GetGroups.swift; sourceTree = "<group>"; };
		BBE853A51CE14CCF00872C3B /* GroupCell.swift */ = {isa = PBXFileReference; fileEncoding = 4; lastKnownFileType = sourcecode.swift; path = GroupCell.swift; sourceTree = "<group>"; };
		BBE853A71CE14E3300872C3B /* GroupsTableViewController.swift */ = {isa = PBXFileReference; fileEncoding = 4; lastKnownFileType = sourcecode.swift; path = GroupsTableViewController.swift; sourceTree = "<group>"; };
		BBE853AA1CE1D79B00872C3B /* NumberOfRowsCell.swift */ = {isa = PBXFileReference; fileEncoding = 4; lastKnownFileType = sourcecode.swift; path = NumberOfRowsCell.swift; sourceTree = "<group>"; };
		BBE853AB1CE1D79B00872C3B /* NumberOfRowsCell.xib */ = {isa = PBXFileReference; fileEncoding = 4; lastKnownFileType = file.xib; path = NumberOfRowsCell.xib; sourceTree = "<group>"; };
		BBE853AE1CE2869600872C3B /* RecommendationsMusicTableViewController.swift */ = {isa = PBXFileReference; fileEncoding = 4; lastKnownFileType = sourcecode.swift; path = RecommendationsMusicTableViewController.swift; sourceTree = "<group>"; };
		BBE853B01CE2899B00872C3B /* GetRecommendationsAudio.swift */ = {isa = PBXFileReference; fileEncoding = 4; lastKnownFileType = sourcecode.swift; path = GetRecommendationsAudio.swift; sourceTree = "<group>"; };
		BBE853B21CE2936700872C3B /* GetPopularAudio.swift */ = {isa = PBXFileReference; fileEncoding = 4; lastKnownFileType = sourcecode.swift; path = GetPopularAudio.swift; sourceTree = "<group>"; };
		BBE853B41CE293F800872C3B /* PopularMusicTableViewController.swift */ = {isa = PBXFileReference; fileEncoding = 4; lastKnownFileType = sourcecode.swift; path = PopularMusicTableViewController.swift; sourceTree = "<group>"; };
		BBE853B71CE2990300872C3B /* VKAPIManagerNotifications.swift */ = {isa = PBXFileReference; fileEncoding = 4; lastKnownFileType = sourcecode.swift; path = VKAPIManagerNotifications.swift; sourceTree = "<group>"; };
		BBEF4EE11CFD62F3003642D0 /* PlaylistMusicTableViewController.swift */ = {isa = PBXFileReference; fileEncoding = 4; lastKnownFileType = sourcecode.swift; path = PlaylistMusicTableViewController.swift; sourceTree = "<group>"; };
		BBEF4EE31CFD6D3D003642D0 /* UITableView+HideSearchBar.swift */ = {isa = PBXFileReference; fileEncoding = 4; lastKnownFileType = sourcecode.swift; path = "UITableView+HideSearchBar.swift"; sourceTree = "<group>"; };
		BBEF4EE51CFD7C15003642D0 /* AlbumMusicViewController.swift */ = {isa = PBXFileReference; fileEncoding = 4; lastKnownFileType = sourcecode.swift; path = AlbumMusicViewController.swift; sourceTree = "<group>"; };
		BBEF4EE71CFD876D003642D0 /* PopularMusicViewController.swift */ = {isa = PBXFileReference; fileEncoding = 4; lastKnownFileType = sourcecode.swift; path = PopularMusicViewController.swift; sourceTree = "<group>"; };
		BBEF4EE91CFD8B76003642D0 /* RecommendationsMusicViewController.swift */ = {isa = PBXFileReference; fileEncoding = 4; lastKnownFileType = sourcecode.swift; path = RecommendationsMusicViewController.swift; sourceTree = "<group>"; };
		BBEF4EEB1CFD90AE003642D0 /* GroupsViewController.swift */ = {isa = PBXFileReference; fileEncoding = 4; lastKnownFileType = sourcecode.swift; path = GroupsViewController.swift; sourceTree = "<group>"; };
		BBEF4EED1CFDA4F7003642D0 /* FriendsViewController.swift */ = {isa = PBXFileReference; fileEncoding = 4; lastKnownFileType = sourcecode.swift; path = FriendsViewController.swift; sourceTree = "<group>"; };
		BBEF4EEF1CFDA820003642D0 /* OwnerMusicViewController.swift */ = {isa = PBXFileReference; fileEncoding = 4; lastKnownFileType = sourcecode.swift; path = OwnerMusicViewController.swift; sourceTree = "<group>"; };
		BBEF4EF11CFDAD0B003642D0 /* AddPlaylistMusicTableViewController.swift */ = {isa = PBXFileReference; fileEncoding = 4; lastKnownFileType = sourcecode.swift; path = AddPlaylistMusicTableViewController.swift; sourceTree = "<group>"; };
		D7990FBB27C7528272CAA93C /* Pods-VkPlaylist.debug.xcconfig */ = {isa = PBXFileReference; includeInIndex = 1; lastKnownFileType = text.xcconfig; name = "Pods-VkPlaylist.debug.xcconfig"; path = "Pods/Target Support Files/Pods-VkPlaylist/Pods-VkPlaylist.debug.xcconfig"; sourceTree = "<group>"; };
/* End PBXFileReference section */

/* Begin PBXFrameworksBuildPhase section */
		BBDEC04D1CD66441005B8494 /* Frameworks */ = {
			isa = PBXFrameworksBuildPhase;
			buildActionMask = 2147483647;
			files = (
				E4022466192309F1AF3847F1 /* Pods_VkPlaylist.framework in Frameworks */,
			);
			runOnlyForDeploymentPostprocessing = 0;
		};
/* End PBXFrameworksBuildPhase section */

/* Begin PBXGroup section */
		50B222353DF41D1DFA8F6295 /* Pods */ = {
			isa = PBXGroup;
			children = (
				D7990FBB27C7528272CAA93C /* Pods-VkPlaylist.debug.xcconfig */,
				019E2C5D10C487A8DF0DE007 /* Pods-VkPlaylist.release.xcconfig */,
			);
			name = Pods;
			sourceTree = "<group>";
		};
		9182076C59CEA963088D05EA /* Frameworks */ = {
			isa = PBXGroup;
			children = (
				BB1731A71D01E8EF00996A34 /* SWXMLHash.framework */,
				BB1731A01D01A85100996A34 /* SwiftyJSON.framework */,
				BB17319E1D01A70000996A34 /* AlamofireImage.framework */,
				BB17319C1D01A55C00996A34 /* SwiftyVK.framework */,
				BB17319A1D01A55700996A34 /* Pods_VkPlaylist.framework */,
				BB1731981D01A54800996A34 /* Alamofire.framework */,
				0695256AAC292A98255D5756 /* Pods_VkPlaylist.framework */,
			);
			name = Frameworks;
			sourceTree = "<group>";
		};
		BB05DF881CFED21D001F65CB /* Delegates */ = {
			isa = PBXGroup;
			children = (
				BB05DF891CFED22F001F65CB /* AddPlaylistMusicDelegate.swift */,
				BBA292441D00DBB800262922 /* DownloadsTableViewControllerDelegate.swift */,
			);
			name = Delegates;
			sourceTree = "<group>";
		};
		BB0C62EB1CE3E8FF00C505B1 /* PlaylistCell */ = {
			isa = PBXGroup;
			children = (
				BB0C62EC1CE3E93200C505B1 /* PlaylistCell.swift */,
			);
			name = PlaylistCell;
			sourceTree = "<group>";
		};
		BB1731951D0186EB00996A34 /* Delegates */ = {
			isa = PBXGroup;
			children = (
				BB1731961D0186FA00996A34 /* VKAPIManagerLyricsDelegate.swift */,
			);
			name = Delegates;
			sourceTree = "<group>";
		};
		BB1731A61D01D04400996A34 /* VKObjects */ = {
			isa = PBXGroup;
			children = (
				BBDEC0691CD67A84005B8494 /* Track.swift */,
				BB0C62E51CE3751A00C505B1 /* Album.swift */,
				BBE853871CE0E69700872C3B /* Friend.swift */,
				BBE853A01CE1481B00872C3B /* Group.swift */,
			);
			name = VKObjects;
			sourceTree = "<group>";
		};
		BB405E891CF742D3000C1A2A /* NSManagedObjects */ = {
			isa = PBXGroup;
			children = (
				BB405E961CF74332000C1A2A /* TrackInPlaylist+CoreDataProperties.swift */,
				BB405E971CF74332000C1A2A /* TrackInPlaylist.swift */,
				BB405E981CF74332000C1A2A /* OfflineTrack+CoreDataProperties.swift */,
				BB405E991CF74332000C1A2A /* OfflineTrack.swift */,
				BB405E9A1CF74332000C1A2A /* Playlist+CoreDataProperties.swift */,
				BB405E9B1CF74332000C1A2A /* Playlist.swift */,
			);
			name = NSManagedObjects;
			sourceTree = "<group>";
		};
		BB405EA41CF7521B000C1A2A /* OfflineAudioCell */ = {
			isa = PBXGroup;
			children = (
				BB405EA51CF7523B000C1A2A /* OfflineAudioCell.swift */,
				BB405EA61CF7523B000C1A2A /* OfflineAudioCell.xib */,
			);
			name = OfflineAudioCell;
			sourceTree = "<group>";
		};
		BB405EB41CF8BD33000C1A2A /* Delegates */ = {
			isa = PBXGroup;
			children = (
				BB405EB21CF8BC09000C1A2A /* DataManagerDownloadsDelegate.swift */,
				BB405ED21CFC4B98000C1A2A /* DataManagerPlaylistsDelegate.swift */,
			);
			name = Delegates;
			sourceTree = "<group>";
		};
		BB405EB51CF8CD57000C1A2A /* DownloadManager */ = {
			isa = PBXGroup;
			children = (
				BB405EAD1CF76796000C1A2A /* DownloadManager.swift */,
				BB405EB61CF8CD6D000C1A2A /* DownloadManagerDelegate.swift */,
			);
			name = DownloadManager;
			sourceTree = "<group>";
		};
		BB405EB91CFA3362000C1A2A /* ActiveDownloadCell */ = {
			isa = PBXGroup;
			children = (
				BB405EBA1CFA3FEA000C1A2A /* ActiveDownloadCell.swift */,
				BB405EBE1CFAEE78000C1A2A /* ActiveDownloadCellDelegate.swift */,
			);
			name = ActiveDownloadCell;
			sourceTree = "<group>";
		};
		BB405EC91CFC2F4C000C1A2A /* AddToPlaylistCell */ = {
			isa = PBXGroup;
			children = (
				BB405ECA1CFC2FA5000C1A2A /* AddToPlaylistCell.swift */,
				BB405ED01CFC3560000C1A2A /* AddToPlaylistCellDelegate.swift */,
			);
			name = AddToPlaylistCell;
			sourceTree = "<group>";
		};
		BB405EFA1CFCBA25000C1A2A /* AlbumCell */ = {
			isa = PBXGroup;
			children = (
				BB405EFB1CFCBA7A000C1A2A /* AlbumCell.swift */,
			);
			name = AlbumCell;
			sourceTree = "<group>";
		};
		BB6EF7301CDF63C000466C3B /* NetworkErrorCell */ = {
			isa = PBXGroup;
			children = (
				BB6EF7351CDF64BC00466C3B /* NetworkErrorCell.swift */,
				BB6EF7331CDF642100466C3B /* NetworkErrorCell.xib */,
			);
			name = NetworkErrorCell;
			sourceTree = "<group>";
		};
		BB6EF7371CDF6ABA00466C3B /* NoAuthorizedCell */ = {
			isa = PBXGroup;
			children = (
				BB6EF7381CDF6AFA00466C3B /* NoAuthorizedCell.swift */,
				BB6EF7391CDF6AFA00466C3B /* NoAuthorizedCell.xib */,
			);
			name = NoAuthorizedCell;
			sourceTree = "<group>";
		};
		BBDEC0471CD66441005B8494 = {
			isa = PBXGroup;
			children = (
				BB0C62F41CE4B81600C505B1 /* Notepad.playground */,
				BBDEC0521CD66441005B8494 /* VkPlaylist */,
				BBDEC0511CD66441005B8494 /* Products */,
				50B222353DF41D1DFA8F6295 /* Pods */,
				9182076C59CEA963088D05EA /* Frameworks */,
			);
			sourceTree = "<group>";
		};
		BBDEC0511CD66441005B8494 /* Products */ = {
			isa = PBXGroup;
			children = (
				BBDEC0501CD66441005B8494 /* VkPlaylist.app */,
			);
			name = Products;
			sourceTree = "<group>";
		};
		BBDEC0521CD66441005B8494 /* VkPlaylist */ = {
			isa = PBXGroup;
			children = (
				BBE853581CDFE4C100872C3B /* Extensions */,
				BBDEC0761CD6D629005B8494 /* Views */,
				BBDEC0751CD6D610005B8494 /* ViewControllers */,
				BBDEC0681CD67A69005B8494 /* Data Objects */,
				BBDEC08F1CD78C74005B8494 /* Managers */,
				BBDEC0901CD78DFA005B8494 /* Helpers */,
				BBDEC0531CD66441005B8494 /* AppDelegate.swift */,
				BB405E841CF736E7000C1A2A /* VKPlaylist.xcdatamodeld */,
				BBDEC0571CD66441005B8494 /* Main.storyboard */,
				BBDEC05A1CD66441005B8494 /* Assets.xcassets */,
				BBDEC05C1CD66441005B8494 /* LaunchScreen.storyboard */,
				BBDEC05F1CD66441005B8494 /* Info.plist */,
			);
			path = VkPlaylist;
			sourceTree = "<group>";
		};
		BBDEC0671CD66F4D005B8494 /* Cells */ = {
			isa = PBXGroup;
			children = (
				BB6EF7371CDF6ABA00466C3B /* NoAuthorizedCell */,
				BB6EF7301CDF63C000466C3B /* NetworkErrorCell */,
				BBE8539A1CE13DEF00872C3B /* AccessErrorCell */,
				BBDEC07F1CD754A6005B8494 /* Loading Cell */,
				BBDEC0841CD760D8005B8494 /* NothingFoundCell */,
				BBDEC0871CD761A7005B8494 /* AudioCell */,
				BB405EB91CFA3362000C1A2A /* ActiveDownloadCell */,
				BB405EA41CF7521B000C1A2A /* OfflineAudioCell */,
				BB0C62EB1CE3E8FF00C505B1 /* PlaylistCell */,
				BB405EC91CFC2F4C000C1A2A /* AddToPlaylistCell */,
				BB405EFA1CFCBA25000C1A2A /* AlbumCell */,
				BBE8538D1CE0F08000872C3B /* FriendCell */,
				BBE853A41CE14CA100872C3B /* GroupCell */,
				BBE853A91CE1D77000872C3B /* NumberOfRowsCell */,
			);
			name = Cells;
			sourceTree = "<group>";
		};
		BBDEC0681CD67A69005B8494 /* Data Objects */ = {
			isa = PBXGroup;
			children = (
				BBE8539F1CE13EE100872C3B /* Constants */,
				BB405E891CF742D3000C1A2A /* NSManagedObjects */,
				BB1731A61D01D04400996A34 /* VKObjects */,
				BB1731A41D01C7FB00996A34 /* TrackObject.swift */,
				BB405EAF1CF76817000C1A2A /* Download.swift */,
			);
			name = "Data Objects";
			sourceTree = "<group>";
		};
		BBDEC0751CD6D610005B8494 /* ViewControllers */ = {
			isa = PBXGroup;
			children = (
				BBE853511CDFC99A00872C3B /* Superclasses */,
				BB05DF881CFED21D001F65CB /* Delegates */,
				BBDEC06F1CD6BEB7005B8494 /* AuthorizationViewController.swift */,
				BBAE30671D0350A900E740D4 /* MiniPlayerViewController.swift */,
				BBAE306D1D037C5500E740D4 /* PlayerViewController.swift */,
				BBB69E231CFDBC6F0094B1CF /* MyMusicViewController.swift */,
				BB75FCC31CDF873900B40BC8 /* MyMusicTableViewController.swift */,
				BBB69E211CFDB97A0094B1CF /* DownloadsViewController.swift */,
				BB405EA21CF74957000C1A2A /* DownloadsTableViewController.swift */,
				BBB69E1F1CFDB8090094B1CF /* SearchViewController.swift */,
				BBE8535B1CDFE89000872C3B /* SearchTableViewController.swift */,
				BB0C62E91CE3D29C00C505B1 /* PlaylistsViewController.swift */,
				BB405EC21CFBA4C1000C1A2A /* EditPlaylistViewController.swift */,
				BB05DF861CFEC460001F65CB /* EditPlaylistMusicTableViewController.swift */,
				BB3F40F01CFF4F900018262C /* AddPlaylistMusicViewController.swift */,
				BBEF4EF11CFDAD0B003642D0 /* AddPlaylistMusicTableViewController.swift */,
				BB405EF81CFC9697000C1A2A /* PlaylistMusicViewController.swift */,
				BBEF4EE11CFD62F3003642D0 /* PlaylistMusicTableViewController.swift */,
				BBEF4EE51CFD7C15003642D0 /* AlbumMusicViewController.swift */,
				BB0C62F01CE4AD4F00C505B1 /* AlbumMusicTableViewController.swift */,
				BBAE30691D0362DB00E740D4 /* MoreViewController.swift */,
				BBE853541CDFCCF000872C3B /* MoreTableViewController.swift */,
				BBEF4EED1CFDA4F7003642D0 /* FriendsViewController.swift */,
				BBE8538B1CE0EE5A00872C3B /* FriendsTableViewController.swift */,
				BBEF4EEB1CFD90AE003642D0 /* GroupsViewController.swift */,
				BBE853A71CE14E3300872C3B /* GroupsTableViewController.swift */,
				BBEF4EEF1CFDA820003642D0 /* OwnerMusicViewController.swift */,
				BBE853981CE138CF00872C3B /* OwnerMusicTableViewController.swift */,
				BBEF4EE91CFD8B76003642D0 /* RecommendationsMusicViewController.swift */,
				BBE853AE1CE2869600872C3B /* RecommendationsMusicTableViewController.swift */,
				BBEF4EE71CFD876D003642D0 /* PopularMusicViewController.swift */,
				BBE853B41CE293F800872C3B /* PopularMusicTableViewController.swift */,
				BBDEC0731CD6CE9B005B8494 /* SettingsTableViewController.swift */,
			);
			name = ViewControllers;
			sourceTree = "<group>";
		};
		BBDEC0761CD6D629005B8494 /* Views */ = {
			isa = PBXGroup;
			children = (
				BBDEC0671CD66F4D005B8494 /* Cells */,
				BBDEC08E1CD78C43005B8494 /* Buttons */,
				BBAE306B1D037B9000E740D4 /* MiniPlayerView.swift */,
			);
			name = Views;
			sourceTree = "<group>";
		};
		BBDEC07F1CD754A6005B8494 /* Loading Cell */ = {
			isa = PBXGroup;
			children = (
				BBDEC0801CD754FC005B8494 /* LoadingCell.swift */,
				BBDEC07B1CD7538B005B8494 /* LoadingCell.xib */,
			);
			name = "Loading Cell";
			sourceTree = "<group>";
		};
		BBDEC0841CD760D8005B8494 /* NothingFoundCell */ = {
			isa = PBXGroup;
			children = (
				BBDEC08A1CD76ACB005B8494 /* NothingFoundCell.swift */,
				BBDEC0881CD761CE005B8494 /* NothingFoundCell.xib */,
			);
			name = NothingFoundCell;
			sourceTree = "<group>";
		};
		BBDEC0871CD761A7005B8494 /* AudioCell */ = {
			isa = PBXGroup;
			children = (
				BBDEC0651CD66DB6005B8494 /* AudioCell.swift */,
				BB405EC01CFAEEB5000C1A2A /* AudioCellDelegate.swift */,
				BBE853521CDFCA7000872C3B /* AudioCell.xib */,
			);
			name = AudioCell;
			sourceTree = "<group>";
		};
		BBDEC08E1CD78C43005B8494 /* Buttons */ = {
			isa = PBXGroup;
			children = (
				BBDEC0711CD6BF2D005B8494 /* ButtonWithRoundedBorder.swift */,
			);
			name = Buttons;
			sourceTree = "<group>";
		};
		BBDEC08F1CD78C74005B8494 /* Managers */ = {
			isa = PBXGroup;
			children = (
				BBE853B61CE298E400872C3B /* VKAPIManager */,
				BBE8537E1CE0DB3800872C3B /* DataManager */,
				BBE8537F1CE0DBD300872C3B /* RequestManager */,
				BB405EB51CF8CD57000C1A2A /* DownloadManager */,
				BB1731A21D01C79600996A34 /* MusicBrainzAPIManager.swift */,
				BB93DD481CD80C6F00F1E205 /* PlayerManager.swift */,
			);
			name = Managers;
			sourceTree = "<group>";
		};
		BBDEC0901CD78DFA005B8494 /* Helpers */ = {
			isa = PBXGroup;
			children = (
				BB405E821CF735C8000C1A2A /* CoreDataStack.swift */,
				BBDEC08C1CD78B5A005B8494 /* Reachability.swift */,
				BB3F40F21CFF6B5A0018262C /* Functions.swift */,
			);
			name = Helpers;
			sourceTree = "<group>";
		};
		BBE3D7DC1D060A120077B61A /* UIImage */ = {
			isa = PBXGroup;
			children = (
				BBE853941CE1096200872C3B /* UIImage+Resize.swift */,
				BBE3D7DA1D0609BF0077B61A /* UIImage+GenerateImageWithColor.swift */,
			);
			name = UIImage;
			sourceTree = "<group>";
		};
		BBE3D7DD1D060A240077B61A /* UIImageView */ = {
			isa = PBXGroup;
			children = (
				BBE853591CDFE4DF00872C3B /* UIImageView+TintImageColor.swift */,
			);
			name = UIImageView;
			sourceTree = "<group>";
		};
		BBE3D7DE1D060A3E0077B61A /* UITableView */ = {
			isa = PBXGroup;
			children = (
				BBEF4EE31CFD6D3D003642D0 /* UITableView+HideSearchBar.swift */,
			);
			name = UITableView;
			sourceTree = "<group>";
		};
		BBE853511CDFC99A00872C3B /* Superclasses */ = {
			isa = PBXGroup;
			children = (
				BBE8534D1CDFB59600872C3B /* MusicFromInternetTableViewController.swift */,
				BBE8534F1CDFB9DC00872C3B /* MusicFromInternetWithSearchTableViewController.swift */,
			);
			name = Superclasses;
			sourceTree = "<group>";
		};
		BBE853581CDFE4C100872C3B /* Extensions */ = {
			isa = PBXGroup;
			children = (
				BBE3D7DE1D060A3E0077B61A /* UITableView */,
				BBE3D7DD1D060A240077B61A /* UIImageView */,
				BBE3D7DC1D060A120077B61A /* UIImage */,
			);
			name = Extensions;
			sourceTree = "<group>";
		};
		BBE8537E1CE0DB3800872C3B /* DataManager */ = {
			isa = PBXGroup;
			children = (
				BB405EB41CF8BD33000C1A2A /* Delegates */,
				BBDEC0791CD748B1005B8494 /* DataManager.swift */,
				BBE8537C1CE0DAFB00872C3B /* DataManagerObject.swift */,
			);
			name = DataManager;
			sourceTree = "<group>";
		};
		BBE8537F1CE0DBD300872C3B /* RequestManager */ = {
			isa = PBXGroup;
			children = (
				BBDEC0821CD757E9005B8494 /* RequestManager.swift */,
				BBE853801CE0DBE300872C3B /* RequestManagerObject.swift */,
				BBE853861CE0DE4A00872C3B /* Requests */,
			);
			name = RequestManager;
			sourceTree = "<group>";
		};
		BBE853861CE0DE4A00872C3B /* Requests */ = {
			isa = PBXGroup;
			children = (
				BBE853821CE0DDF200872C3B /* GetAudio.swift */,
				BBE853841CE0DE2F00872C3B /* SearchAudio.swift */,
				BB0C62E71CE37CF500C505B1 /* GetAlbums.swift */,
				BB0C62F21CE4B7CA00C505B1 /* GetAlbumAudio.swift */,
				BBE853891CE0EAE400872C3B /* GetFriends.swift */,
				BBE853A21CE14B1E00872C3B /* GetGroups.swift */,
				BBE853961CE135BD00872C3B /* GetOwnerAudio.swift */,
				BBE853B01CE2899B00872C3B /* GetRecommendationsAudio.swift */,
				BBE853B21CE2936700872C3B /* GetPopularAudio.swift */,
			);
			name = Requests;
			sourceTree = "<group>";
		};
		BBE8538D1CE0F08000872C3B /* FriendCell */ = {
			isa = PBXGroup;
			children = (
				BBE8538E1CE0F0B300872C3B /* FriendCell.swift */,
			);
			name = FriendCell;
			sourceTree = "<group>";
		};
		BBE8539A1CE13DEF00872C3B /* AccessErrorCell */ = {
			isa = PBXGroup;
			children = (
				BBE8539B1CE13E1B00872C3B /* AccessErrorCell.swift */,
				BBE8539C1CE13E1B00872C3B /* AccessErrorCell.xib */,
			);
			name = AccessErrorCell;
			sourceTree = "<group>";
		};
		BBE8539F1CE13EE100872C3B /* Constants */ = {
			isa = PBXGroup;
			children = (
				BBE853901CE0F54100872C3B /* TableViewCellIdentifiers.swift */,
				BB405EA91CF7555E000C1A2A /* EntitiesIdentifiers.swift */,
				BB3F40EE1CFF190B0018262C /* SegueIdentifiers.swift */,
			);
			name = Constants;
			sourceTree = "<group>";
		};
		BBE853A41CE14CA100872C3B /* GroupCell */ = {
			isa = PBXGroup;
			children = (
				BBE853A51CE14CCF00872C3B /* GroupCell.swift */,
			);
			name = GroupCell;
			sourceTree = "<group>";
		};
		BBE853A91CE1D77000872C3B /* NumberOfRowsCell */ = {
			isa = PBXGroup;
			children = (
				BBE853AA1CE1D79B00872C3B /* NumberOfRowsCell.swift */,
				BBE853AB1CE1D79B00872C3B /* NumberOfRowsCell.xib */,
			);
			name = NumberOfRowsCell;
			sourceTree = "<group>";
		};
		BBE853B61CE298E400872C3B /* VKAPIManager */ = {
			isa = PBXGroup;
			children = (
				BB1731951D0186EB00996A34 /* Delegates */,
				BBDEC06D1CD6AFD5005B8494 /* VKAPIManager.swift */,
				BBE853B71CE2990300872C3B /* VKAPIManagerNotifications.swift */,
			);
			name = VKAPIManager;
			sourceTree = "<group>";
		};
/* End PBXGroup section */

/* Begin PBXNativeTarget section */
		BBDEC04F1CD66441005B8494 /* VkPlaylist */ = {
			isa = PBXNativeTarget;
			buildConfigurationList = BBDEC0621CD66441005B8494 /* Build configuration list for PBXNativeTarget "VkPlaylist" */;
			buildPhases = (
				13DFFDACC82D520F7C47CD09 /* [CP] Check Pods Manifest.lock */,
				BBDEC04C1CD66441005B8494 /* Sources */,
				BBDEC04D1CD66441005B8494 /* Frameworks */,
				BBDEC04E1CD66441005B8494 /* Resources */,
				0D969316730C7978B177BFFA /* [CP] Embed Pods Frameworks */,
				99734BF1605CFAF080BB477C /* [CP] Copy Pods Resources */,
			);
			buildRules = (
			);
			dependencies = (
			);
			name = VkPlaylist;
			productName = VkPlaylist;
			productReference = BBDEC0501CD66441005B8494 /* VkPlaylist.app */;
			productType = "com.apple.product-type.application";
		};
/* End PBXNativeTarget section */

/* Begin PBXProject section */
		BBDEC0481CD66441005B8494 /* Project object */ = {
			isa = PBXProject;
			attributes = {
				LastSwiftUpdateCheck = 0730;
				LastUpgradeCheck = 0730;
				ORGANIZATIONNAME = "Ilya Khalyapin";
				TargetAttributes = {
					BBDEC04F1CD66441005B8494 = {
						CreatedOnToolsVersion = 7.3;
						DevelopmentTeam = J6687322F4;
					};
				};
			};
			buildConfigurationList = BBDEC04B1CD66441005B8494 /* Build configuration list for PBXProject "VkPlaylist" */;
			compatibilityVersion = "Xcode 3.2";
			developmentRegion = English;
			hasScannedForEncodings = 0;
			knownRegions = (
				en,
				Base,
			);
			mainGroup = BBDEC0471CD66441005B8494;
			productRefGroup = BBDEC0511CD66441005B8494 /* Products */;
			projectDirPath = "";
			projectRoot = "";
			targets = (
				BBDEC04F1CD66441005B8494 /* VkPlaylist */,
			);
		};
/* End PBXProject section */

/* Begin PBXResourcesBuildPhase section */
		BBDEC04E1CD66441005B8494 /* Resources */ = {
			isa = PBXResourcesBuildPhase;
			buildActionMask = 2147483647;
			files = (
				BBE853531CDFCA7000872C3B /* AudioCell.xib in Resources */,
				BBDEC05E1CD66441005B8494 /* LaunchScreen.storyboard in Resources */,
				BBE853AD1CE1D79B00872C3B /* NumberOfRowsCell.xib in Resources */,
				BBDEC05B1CD66441005B8494 /* Assets.xcassets in Resources */,
				BBDEC07C1CD7538B005B8494 /* LoadingCell.xib in Resources */,
				BB405EA81CF7523B000C1A2A /* OfflineAudioCell.xib in Resources */,
				BBDEC0891CD761CE005B8494 /* NothingFoundCell.xib in Resources */,
				BBDEC0591CD66441005B8494 /* Main.storyboard in Resources */,
				BBE8539E1CE13E1B00872C3B /* AccessErrorCell.xib in Resources */,
				BB6EF7341CDF642100466C3B /* NetworkErrorCell.xib in Resources */,
				BB6EF73B1CDF6AFA00466C3B /* NoAuthorizedCell.xib in Resources */,
			);
			runOnlyForDeploymentPostprocessing = 0;
		};
/* End PBXResourcesBuildPhase section */

/* Begin PBXShellScriptBuildPhase section */
		0D969316730C7978B177BFFA /* [CP] Embed Pods Frameworks */ = {
			isa = PBXShellScriptBuildPhase;
			buildActionMask = 2147483647;
			files = (
			);
			inputPaths = (
			);
			name = "[CP] Embed Pods Frameworks";
			outputPaths = (
			);
			runOnlyForDeploymentPostprocessing = 0;
			shellPath = /bin/sh;
			shellScript = "\"${SRCROOT}/Pods/Target Support Files/Pods-VkPlaylist/Pods-VkPlaylist-frameworks.sh\"\n";
			showEnvVarsInLog = 0;
		};
		13DFFDACC82D520F7C47CD09 /* [CP] Check Pods Manifest.lock */ = {
			isa = PBXShellScriptBuildPhase;
			buildActionMask = 2147483647;
			files = (
			);
			inputPaths = (
			);
			name = "[CP] Check Pods Manifest.lock";
			outputPaths = (
			);
			runOnlyForDeploymentPostprocessing = 0;
			shellPath = /bin/sh;
			shellScript = "diff \"${PODS_ROOT}/../Podfile.lock\" \"${PODS_ROOT}/Manifest.lock\" > /dev/null\nif [[ $? != 0 ]] ; then\n    cat << EOM\nerror: The sandbox is not in sync with the Podfile.lock. Run 'pod install' or update your CocoaPods installation.\nEOM\n    exit 1\nfi\n";
			showEnvVarsInLog = 0;
		};
		99734BF1605CFAF080BB477C /* [CP] Copy Pods Resources */ = {
			isa = PBXShellScriptBuildPhase;
			buildActionMask = 2147483647;
			files = (
			);
			inputPaths = (
			);
			name = "[CP] Copy Pods Resources";
			outputPaths = (
			);
			runOnlyForDeploymentPostprocessing = 0;
			shellPath = /bin/sh;
			shellScript = "\"${SRCROOT}/Pods/Target Support Files/Pods-VkPlaylist/Pods-VkPlaylist-resources.sh\"\n";
			showEnvVarsInLog = 0;
		};
/* End PBXShellScriptBuildPhase section */

/* Begin PBXSourcesBuildPhase section */
		BBDEC04C1CD66441005B8494 /* Sources */ = {
			isa = PBXSourcesBuildPhase;
			buildActionMask = 2147483647;
			files = (
				BB405EA01CF74332000C1A2A /* Playlist+CoreDataProperties.swift in Sources */,
				BB405EBC1CFA3FEA000C1A2A /* ActiveDownloadCell.swift in Sources */,
				BBE853851CE0DE2F00872C3B /* SearchAudio.swift in Sources */,
				BBEF4EE21CFD62F3003642D0 /* PlaylistMusicTableViewController.swift in Sources */,
				BB0C62EA1CE3D29C00C505B1 /* PlaylistsViewController.swift in Sources */,
				BB0C62F11CE4AD4F00C505B1 /* AlbumMusicTableViewController.swift in Sources */,
				BBE853811CE0DBE300872C3B /* RequestManagerObject.swift in Sources */,
				BB405EB71CF8CD6D000C1A2A /* DownloadManagerDelegate.swift in Sources */,
				BB405EBF1CFAEE78000C1A2A /* ActiveDownloadCellDelegate.swift in Sources */,
				BBAE306A1D0362DB00E740D4 /* MoreViewController.swift in Sources */,
				BBDEC0701CD6BEB7005B8494 /* AuthorizationViewController.swift in Sources */,
				BBEF4EE81CFD876D003642D0 /* PopularMusicViewController.swift in Sources */,
				BBEF4EEA1CFD8B76003642D0 /* RecommendationsMusicViewController.swift in Sources */,
				BB6EF7361CDF64BC00466C3B /* NetworkErrorCell.swift in Sources */,
				BBE853991CE138CF00872C3B /* OwnerMusicTableViewController.swift in Sources */,
				BB75FCC41CDF873900B40BC8 /* MyMusicTableViewController.swift in Sources */,
				BB405E9D1CF74332000C1A2A /* TrackInPlaylist.swift in Sources */,
				BBE853551CDFCCF000872C3B /* MoreTableViewController.swift in Sources */,
				BBE853B31CE2936700872C3B /* GetPopularAudio.swift in Sources */,
				BBE853AC1CE1D79B00872C3B /* NumberOfRowsCell.swift in Sources */,
				BBDEC06E1CD6AFD5005B8494 /* VKAPIManager.swift in Sources */,
				BBB69E201CFDB8090094B1CF /* SearchViewController.swift in Sources */,
				BB405E831CF735C8000C1A2A /* CoreDataStack.swift in Sources */,
				BB405EF91CFC9697000C1A2A /* PlaylistMusicViewController.swift in Sources */,
				BBDEC0541CD66441005B8494 /* AppDelegate.swift in Sources */,
				BBE8534E1CDFB59600872C3B /* MusicFromInternetTableViewController.swift in Sources */,
				BBEF4EEE1CFDA4F7003642D0 /* FriendsViewController.swift in Sources */,
				BB1731971D0186FA00996A34 /* VKAPIManagerLyricsDelegate.swift in Sources */,
				BBEF4EE61CFD7C15003642D0 /* AlbumMusicViewController.swift in Sources */,
				BBE8535A1CDFE4DF00872C3B /* UIImageView+TintImageColor.swift in Sources */,
				BBEF4EF21CFDAD0B003642D0 /* AddPlaylistMusicTableViewController.swift in Sources */,
				BBE8538A1CE0EAE400872C3B /* GetFriends.swift in Sources */,
				BBA292451D00DBB800262922 /* DownloadsTableViewControllerDelegate.swift in Sources */,
				BBE853971CE135BD00872C3B /* GetOwnerAudio.swift in Sources */,
				BBE853911CE0F54100872C3B /* TableViewCellIdentifiers.swift in Sources */,
				BB405ECC1CFC2FA5000C1A2A /* AddToPlaylistCell.swift in Sources */,
				BB405EAA1CF7555E000C1A2A /* EntitiesIdentifiers.swift in Sources */,
				BBE853A31CE14B1E00872C3B /* GetGroups.swift in Sources */,
				BB3F40F31CFF6B5A0018262C /* Functions.swift in Sources */,
				BB405EA31CF74957000C1A2A /* DownloadsTableViewController.swift in Sources */,
				BB405EB31CF8BC09000C1A2A /* DataManagerDownloadsDelegate.swift in Sources */,
				BBE853501CDFB9DC00872C3B /* MusicFromInternetWithSearchTableViewController.swift in Sources */,
				BB405E9E1CF74332000C1A2A /* OfflineTrack+CoreDataProperties.swift in Sources */,
				BBDEC0811CD754FC005B8494 /* LoadingCell.swift in Sources */,
				BBAE306C1D037B9000E740D4 /* MiniPlayerView.swift in Sources */,
				BB05DF8A1CFED22F001F65CB /* AddPlaylistMusicDelegate.swift in Sources */,
				BB405EC11CFAEEB5000C1A2A /* AudioCellDelegate.swift in Sources */,
				BB405EAE1CF76796000C1A2A /* DownloadManager.swift in Sources */,
				BBE853AF1CE2869600872C3B /* RecommendationsMusicTableViewController.swift in Sources */,
				BB405ED31CFC4B98000C1A2A /* DataManagerPlaylistsDelegate.swift in Sources */,
				BBE853A81CE14E3300872C3B /* GroupsTableViewController.swift in Sources */,
				BB05DF871CFEC460001F65CB /* EditPlaylistMusicTableViewController.swift in Sources */,
				BBAE30681D0350A900E740D4 /* MiniPlayerViewController.swift in Sources */,
				BBEF4EE41CFD6D3D003642D0 /* UITableView+HideSearchBar.swift in Sources */,
				BB0C62F31CE4B7CA00C505B1 /* GetAlbumAudio.swift in Sources */,
				BBE8539D1CE13E1B00872C3B /* AccessErrorCell.swift in Sources */,
				BB405EA71CF7523B000C1A2A /* OfflineAudioCell.swift in Sources */,
				BBDEC0741CD6CE9B005B8494 /* SettingsTableViewController.swift in Sources */,
				BB1731A51D01C7FB00996A34 /* TrackObject.swift in Sources */,
				BBE8538C1CE0EE5A00872C3B /* FriendsTableViewController.swift in Sources */,
				BBE8537D1CE0DAFB00872C3B /* DataManagerObject.swift in Sources */,
				BB405EC31CFBA4C1000C1A2A /* EditPlaylistViewController.swift in Sources */,
				BBE853B11CE2899B00872C3B /* GetRecommendationsAudio.swift in Sources */,
				BBE853B81CE2990300872C3B /* VKAPIManagerNotifications.swift in Sources */,
				BBE853881CE0E69700872C3B /* Friend.swift in Sources */,
				BB0C62E61CE3751A00C505B1 /* Album.swift in Sources */,
				BBDEC0661CD66DB6005B8494 /* AudioCell.swift in Sources */,
				BB3F40EF1CFF190B0018262C /* SegueIdentifiers.swift in Sources */,
				BBE8538F1CE0F0B300872C3B /* FriendCell.swift in Sources */,
				BBDEC0831CD757E9005B8494 /* RequestManager.swift in Sources */,
				BB0C62E81CE37CF500C505B1 /* GetAlbums.swift in Sources */,
				BBB69E241CFDBC6F0094B1CF /* MyMusicViewController.swift in Sources */,
				BBE853951CE1096200872C3B /* UIImage+Resize.swift in Sources */,
				BBDEC08B1CD76ACB005B8494 /* NothingFoundCell.swift in Sources */,
				BBEF4EF01CFDA820003642D0 /* OwnerMusicViewController.swift in Sources */,
				BBE853831CE0DDF200872C3B /* GetAudio.swift in Sources */,
				BBE853B51CE293F800872C3B /* PopularMusicTableViewController.swift in Sources */,
				BBB69E221CFDB97A0094B1CF /* DownloadsViewController.swift in Sources */,
				BBEF4EEC1CFD90AE003642D0 /* GroupsViewController.swift in Sources */,
				BBDEC06A1CD67A84005B8494 /* Track.swift in Sources */,
				BB405E861CF736E7000C1A2A /* VKPlaylist.xcdatamodeld in Sources */,
				BBE853A61CE14CCF00872C3B /* GroupCell.swift in Sources */,
				BBE853A11CE1481B00872C3B /* Group.swift in Sources */,
				BBDEC07A1CD748B1005B8494 /* DataManager.swift in Sources */,
				BB405EFD1CFCBA7A000C1A2A /* AlbumCell.swift in Sources */,
				BB405EA11CF74332000C1A2A /* Playlist.swift in Sources */,
				BBAE306E1D037C5500E740D4 /* PlayerViewController.swift in Sources */,
				BB405EB01CF76817000C1A2A /* Download.swift in Sources */,
				BB93DD491CD80C6F00F1E205 /* PlayerManager.swift in Sources */,
				BB1731A31D01C79600996A34 /* MusicBrainzAPIManager.swift in Sources */,
				BB3F40F11CFF4F900018262C /* AddPlaylistMusicViewController.swift in Sources */,
				BBDEC0721CD6BF2D005B8494 /* ButtonWithRoundedBorder.swift in Sources */,
				BBE3D7DB1D0609BF0077B61A /* UIImage+GenerateImageWithColor.swift in Sources */,
				BBE8535C1CDFE89000872C3B /* SearchTableViewController.swift in Sources */,
				BB6EF73A1CDF6AFA00466C3B /* NoAuthorizedCell.swift in Sources */,
				BB405ED11CFC3560000C1A2A /* AddToPlaylistCellDelegate.swift in Sources */,
				BBDEC08D1CD78B5A005B8494 /* Reachability.swift in Sources */,
				BB405E9F1CF74332000C1A2A /* OfflineTrack.swift in Sources */,
				BB405E9C1CF74332000C1A2A /* TrackInPlaylist+CoreDataProperties.swift in Sources */,
				BB0C62EE1CE3E93200C505B1 /* PlaylistCell.swift in Sources */,
			);
			runOnlyForDeploymentPostprocessing = 0;
		};
/* End PBXSourcesBuildPhase section */

/* Begin PBXVariantGroup section */
		BBDEC0571CD66441005B8494 /* Main.storyboard */ = {
			isa = PBXVariantGroup;
			children = (
				BBDEC0581CD66441005B8494 /* Base */,
			);
			name = Main.storyboard;
			sourceTree = "<group>";
		};
		BBDEC05C1CD66441005B8494 /* LaunchScreen.storyboard */ = {
			isa = PBXVariantGroup;
			children = (
				BBDEC05D1CD66441005B8494 /* Base */,
			);
			name = LaunchScreen.storyboard;
			sourceTree = "<group>";
		};
/* End PBXVariantGroup section */

/* Begin XCBuildConfiguration section */
		BBDEC0601CD66441005B8494 /* Debug */ = {
			isa = XCBuildConfiguration;
			buildSettings = {
				ALWAYS_SEARCH_USER_PATHS = NO;
				CLANG_ANALYZER_NONNULL = YES;
				CLANG_CXX_LANGUAGE_STANDARD = "gnu++0x";
				CLANG_CXX_LIBRARY = "libc++";
				CLANG_ENABLE_MODULES = YES;
				CLANG_ENABLE_OBJC_ARC = YES;
				CLANG_WARN_BOOL_CONVERSION = YES;
				CLANG_WARN_CONSTANT_CONVERSION = YES;
				CLANG_WARN_DIRECT_OBJC_ISA_USAGE = YES_ERROR;
				CLANG_WARN_EMPTY_BODY = YES;
				CLANG_WARN_ENUM_CONVERSION = YES;
				CLANG_WARN_INT_CONVERSION = YES;
				CLANG_WARN_OBJC_ROOT_CLASS = YES_ERROR;
				CLANG_WARN_UNREACHABLE_CODE = YES;
				CLANG_WARN__DUPLICATE_METHOD_MATCH = YES;
				"CODE_SIGN_IDENTITY[sdk=iphoneos*]" = "iPhone Developer";
				COPY_PHASE_STRIP = NO;
				DEBUG_INFORMATION_FORMAT = dwarf;
				ENABLE_STRICT_OBJC_MSGSEND = YES;
				ENABLE_TESTABILITY = YES;
				GCC_C_LANGUAGE_STANDARD = gnu99;
				GCC_DYNAMIC_NO_PIC = NO;
				GCC_NO_COMMON_BLOCKS = YES;
				GCC_OPTIMIZATION_LEVEL = 0;
				GCC_PREPROCESSOR_DEFINITIONS = (
					"DEBUG=1",
					"$(inherited)",
				);
				GCC_WARN_64_TO_32_BIT_CONVERSION = YES;
				GCC_WARN_ABOUT_RETURN_TYPE = YES_ERROR;
				GCC_WARN_UNDECLARED_SELECTOR = YES;
				GCC_WARN_UNINITIALIZED_AUTOS = YES_AGGRESSIVE;
				GCC_WARN_UNUSED_FUNCTION = YES;
				GCC_WARN_UNUSED_VARIABLE = YES;
				IPHONEOS_DEPLOYMENT_TARGET = 9.3;
				MTL_ENABLE_DEBUG_INFO = YES;
				ONLY_ACTIVE_ARCH = YES;
				SDKROOT = iphoneos;
				SWIFT_OPTIMIZATION_LEVEL = "-Onone";
			};
			name = Debug;
		};
		BBDEC0611CD66441005B8494 /* Release */ = {
			isa = XCBuildConfiguration;
			buildSettings = {
				ALWAYS_SEARCH_USER_PATHS = NO;
				CLANG_ANALYZER_NONNULL = YES;
				CLANG_CXX_LANGUAGE_STANDARD = "gnu++0x";
				CLANG_CXX_LIBRARY = "libc++";
				CLANG_ENABLE_MODULES = YES;
				CLANG_ENABLE_OBJC_ARC = YES;
				CLANG_WARN_BOOL_CONVERSION = YES;
				CLANG_WARN_CONSTANT_CONVERSION = YES;
				CLANG_WARN_DIRECT_OBJC_ISA_USAGE = YES_ERROR;
				CLANG_WARN_EMPTY_BODY = YES;
				CLANG_WARN_ENUM_CONVERSION = YES;
				CLANG_WARN_INT_CONVERSION = YES;
				CLANG_WARN_OBJC_ROOT_CLASS = YES_ERROR;
				CLANG_WARN_UNREACHABLE_CODE = YES;
				CLANG_WARN__DUPLICATE_METHOD_MATCH = YES;
				"CODE_SIGN_IDENTITY[sdk=iphoneos*]" = "iPhone Developer";
				COPY_PHASE_STRIP = NO;
				DEBUG_INFORMATION_FORMAT = "dwarf-with-dsym";
				ENABLE_NS_ASSERTIONS = NO;
				ENABLE_STRICT_OBJC_MSGSEND = YES;
				GCC_C_LANGUAGE_STANDARD = gnu99;
				GCC_NO_COMMON_BLOCKS = YES;
				GCC_WARN_64_TO_32_BIT_CONVERSION = YES;
				GCC_WARN_ABOUT_RETURN_TYPE = YES_ERROR;
				GCC_WARN_UNDECLARED_SELECTOR = YES;
				GCC_WARN_UNINITIALIZED_AUTOS = YES_AGGRESSIVE;
				GCC_WARN_UNUSED_FUNCTION = YES;
				GCC_WARN_UNUSED_VARIABLE = YES;
				IPHONEOS_DEPLOYMENT_TARGET = 9.3;
				MTL_ENABLE_DEBUG_INFO = NO;
				SDKROOT = iphoneos;
				VALIDATE_PRODUCT = YES;
			};
			name = Release;
		};
		BBDEC0631CD66441005B8494 /* Debug */ = {
			isa = XCBuildConfiguration;
			baseConfigurationReference = D7990FBB27C7528272CAA93C /* Pods-VkPlaylist.debug.xcconfig */;
			buildSettings = {
				ASSETCATALOG_COMPILER_APPICON_NAME = AppIcon;
				CODE_SIGN_IDENTITY = "iPhone Developer";
				"CODE_SIGN_IDENTITY[sdk=iphoneos*]" = "iPhone Developer";
				INFOPLIST_FILE = VkPlaylist/Info.plist;
				LD_RUNPATH_SEARCH_PATHS = "$(inherited) @executable_path/Frameworks";
				PRODUCT_BUNDLE_IDENTIFIER = ru.ilyahal.VkPlaylist;
				PRODUCT_NAME = "$(TARGET_NAME)";
				PROVISIONING_PROFILE = "";
			};
			name = Debug;
		};
		BBDEC0641CD66441005B8494 /* Release */ = {
			isa = XCBuildConfiguration;
			baseConfigurationReference = 019E2C5D10C487A8DF0DE007 /* Pods-VkPlaylist.release.xcconfig */;
			buildSettings = {
				ASSETCATALOG_COMPILER_APPICON_NAME = AppIcon;
				CODE_SIGN_IDENTITY = "iPhone Developer";
				"CODE_SIGN_IDENTITY[sdk=iphoneos*]" = "iPhone Developer";
				INFOPLIST_FILE = VkPlaylist/Info.plist;
				LD_RUNPATH_SEARCH_PATHS = "$(inherited) @executable_path/Frameworks";
				PRODUCT_BUNDLE_IDENTIFIER = ru.ilyahal.VkPlaylist;
				PRODUCT_NAME = "$(TARGET_NAME)";
				PROVISIONING_PROFILE = "";
			};
			name = Release;
		};
/* End XCBuildConfiguration section */

/* Begin XCConfigurationList section */
		BBDEC04B1CD66441005B8494 /* Build configuration list for PBXProject "VkPlaylist" */ = {
			isa = XCConfigurationList;
			buildConfigurations = (
				BBDEC0601CD66441005B8494 /* Debug */,
				BBDEC0611CD66441005B8494 /* Release */,
			);
			defaultConfigurationIsVisible = 0;
			defaultConfigurationName = Release;
		};
		BBDEC0621CD66441005B8494 /* Build configuration list for PBXNativeTarget "VkPlaylist" */ = {
			isa = XCConfigurationList;
			buildConfigurations = (
				BBDEC0631CD66441005B8494 /* Debug */,
				BBDEC0641CD66441005B8494 /* Release */,
			);
			defaultConfigurationIsVisible = 0;
			defaultConfigurationName = Release;
		};
/* End XCConfigurationList section */

/* Begin XCVersionGroup section */
		BB405E841CF736E7000C1A2A /* VKPlaylist.xcdatamodeld */ = {
			isa = XCVersionGroup;
			children = (
				BB405E851CF736E7000C1A2A /* VKPlaylist.xcdatamodel */,
			);
			currentVersion = BB405E851CF736E7000C1A2A /* VKPlaylist.xcdatamodel */;
			path = VKPlaylist.xcdatamodeld;
			sourceTree = "<group>";
			versionGroupType = wrapper.xcdatamodel;
		};
/* End XCVersionGroup section */
	};
	rootObject = BBDEC0481CD66441005B8494 /* Project object */;
}
